// !$*UTF8*$!
{
	archiveVersion = 1;
	classes = {
	};
	objectVersion = 77;
	objects = {

/* Begin PBXBuildFile section */
		0457687AE2177245E6CDD9AF /* ToastView.swift in Sources */ = {isa = PBXBuildFile; fileRef = 0DEF29692BE671148BC8B207 /* ToastView.swift */; };
		052EDE64F4FE003F70E14BA9 /* SystemWrapperTests.swift in Sources */ = {isa = PBXBuildFile; fileRef = 0BAF1E0DC019B85638177245 /* SystemWrapperTests.swift */; };
		061F0A4D385DAFAD8B78FE20 /* Logger+Categories.swift in Sources */ = {isa = PBXBuildFile; fileRef = 5633CEC1E9B5F2F316055DE4 /* Logger+Categories.swift */; };
		069F8DE7B411B0DDADA3F5D3 /* KeyboardHintsView.swift in Sources */ = {isa = PBXBuildFile; fileRef = F02EA779802CE2D68EA428CE /* KeyboardHintsView.swift */; };
		084477DD69A1717DF69AECFA /* AppDataPath.swift in Sources */ = {isa = PBXBuildFile; fileRef = 9486F807DEE00795727B2FD9 /* AppDataPath.swift */; };
		08ECEE3E40A2B4F860DBE582 /* CGEventPasteSynthesizer.swift in Sources */ = {isa = PBXBuildFile; fileRef = DC71F8B2299A5468DA25ED97 /* CGEventPasteSynthesizer.swift */; };
		0A98541EACD6F54B53981200 /* StashUITests.swift in Sources */ = {isa = PBXBuildFile; fileRef = D7A33B8A9B8C00D8066B6E17 /* StashUITests.swift */; };
		0C3710CC88A74859DFA25B04 /* StashApp.swift in Sources */ = {isa = PBXBuildFile; fileRef = B51675DBE82CD8A70455CBC7 /* StashApp.swift */; };
		3A5E72FC2D14FE574E376F8C /* L10n.swift in Sources */ = {isa = PBXBuildFile; fileRef = 580D957DE5CA9A1270685B64 /* L10n.swift */; };
		0DA999332D8650666138EF36 /* DatabaseError.swift in Sources */ = {isa = PBXBuildFile; fileRef = 5C4BABEFCF83C0BB68FDD1AC /* DatabaseError.swift */; };
		0E0C5CD3F33D0CB85A99D2B6 /* MultiFileClipModelTests.swift in Sources */ = {isa = PBXBuildFile; fileRef = A8C2523A8FC86D3032EFD079 /* MultiFileClipModelTests.swift */; };
		10B953D207BE07C0BCDE8312 /* ClipsViewModelPinPasteTests.swift in Sources */ = {isa = PBXBuildFile; fileRef = 99722D7E571E2EE4C5B4A937 /* ClipsViewModelPinPasteTests.swift */; };
		10C22A53AA58557C7D390FDC /* PermissionStatus.swift in Sources */ = {isa = PBXBuildFile; fileRef = F39728CAE9AEC2C7DDAFB5B9 /* PermissionStatus.swift */; };
		11778AE91B463DCB6853667D /* Pasteboard.swift in Sources */ = {isa = PBXBuildFile; fileRef = 8EF7D2146C3F52D86B84DBCA /* Pasteboard.swift */; };
		11CB3AAC93A13C202E5D4713 /* ClipType.swift in Sources */ = {isa = PBXBuildFile; fileRef = 2BCFB927BC7FE94689FAA601 /* ClipType.swift */; };
		17070A155516ABBC703B5269 /* PopoverResizeTests.swift in Sources */ = {isa = PBXBuildFile; fileRef = D331AF51AFBF492E59F7A26E /* PopoverResizeTests.swift */; };
		187A77C04DEFA3D6409ED544 /* ClipDetailPanelView.swift in Sources */ = {isa = PBXBuildFile; fileRef = BB73764772D958CF04E1CA92 /* ClipDetailPanelView.swift */; };
		1DE109826B028D359CE01146 /* InMemoryClipRepositoryTests.swift in Sources */ = {isa = PBXBuildFile; fileRef = 098019976C3EFFA13212432F /* InMemoryClipRepositoryTests.swift */; };
		1E7C36D514E03CF7AD9A5B2C /* ClipRowView.swift in Sources */ = {isa = PBXBuildFile; fileRef = 6C50E3A1DC1A7DF9FAEC90AC /* ClipRowView.swift */; };
		2264E02173A4268697E04849 /* MockHotkeyRegistrar.swift in Sources */ = {isa = PBXBuildFile; fileRef = 2DD8201294C23DEA833C7D45 /* MockHotkeyRegistrar.swift */; };
		26781DFB5698CDE637621A4C /* MockPasteboard.swift in Sources */ = {isa = PBXBuildFile; fileRef = 583712D469E1F3ED4752F149 /* MockPasteboard.swift */; };
		2ABF903E87B2F72810F07CAE /* PermissionService.swift in Sources */ = {isa = PBXBuildFile; fileRef = BC60EF7B873B2BB39EB01BD9 /* PermissionService.swift */; };
		2DD7B7F254F6213889625F42 /* PopoverShortcutStoreDefaultsTests.swift in Sources */ = {isa = PBXBuildFile; fileRef = 202B99429C235C3BBF0965FD /* PopoverShortcutStoreDefaultsTests.swift */; };
		2EE4B8ED0B9559538CA26771 /* V2_DedupSameBody.swift in Sources */ = {isa = PBXBuildFile; fileRef = 7C3D66D2F9D7F4C1B6D93FF2 /* V2_DedupSameBody.swift */; };
		302DA55DA58FBE3854A524E6 /* ClipFileEntry.swift in Sources */ = {isa = PBXBuildFile; fileRef = 878BE4CF320C62C9013F4A81 /* ClipFileEntry.swift */; };
		3248A6FA6E90FEAA7DBFDDFC /* Clip.swift in Sources */ = {isa = PBXBuildFile; fileRef = BF515538B2714E20FDDBCC8B /* Clip.swift */; };
		32E9CC4D329DCBF07C2E84D9 /* HotkeyRegistrar.swift in Sources */ = {isa = PBXBuildFile; fileRef = D45A2C65902CBAC074B1FB4E /* HotkeyRegistrar.swift */; };
		3857B7103C74EC8CA7397168 /* PopoverPanel.swift in Sources */ = {isa = PBXBuildFile; fileRef = B5A52843E961156954C45322 /* PopoverPanel.swift */; };
		3893E04B2D35E07792DECF6E /* ClipRowViewHighlightTests.swift in Sources */ = {isa = PBXBuildFile; fileRef = 7759FF45D27A254EF93BFD71 /* ClipRowViewHighlightTests.swift */; };
		3B8A0E0BDAC35859AFDC41B8 /* KeyCapView.swift in Sources */ = {isa = PBXBuildFile; fileRef = 0C2639102006CC9123B5C2E6 /* KeyCapView.swift */; };
		3D771B564BE15F93C44F9AC3 /* ClipDetailDirection.swift in Sources */ = {isa = PBXBuildFile; fileRef = 0E40154BB2505E5BB304BBC3 /* ClipDetailDirection.swift */; };
		3EDB733AD807B660D4717334 /* FocusZone.swift in Sources */ = {isa = PBXBuildFile; fileRef = CA66964C40C39F55E4018818 /* FocusZone.swift */; };
		42615EAF8E2256DBC5E2B094 /* V4_AddFilePathsJson.swift in Sources */ = {isa = PBXBuildFile; fileRef = A6577C41BC09D20FF8725437 /* V4_AddFilePathsJson.swift */; };
		42E07A1BC12252DE8CCD0A78 /* LoginItemServiceTests.swift in Sources */ = {isa = PBXBuildFile; fileRef = A81D4D0321EA1FC3A3ED81D7 /* LoginItemServiceTests.swift */; };
		4575F4E749C61ECEAE213F06 /* PopoverAnchor.swift in Sources */ = {isa = PBXBuildFile; fileRef = 9F288446E988CE0124570329 /* PopoverAnchor.swift */; };
		479681CD58A8E3309D90035B /* SettingsWindow.swift in Sources */ = {isa = PBXBuildFile; fileRef = 5AB29F8BE38E85CEB0DC4E3F /* SettingsWindow.swift */; };
		48265BA2ABCE8380BC068446 /* AXPermissionChecker.swift in Sources */ = {isa = PBXBuildFile; fileRef = E8F6CD60DBB5BBA7DE877DB0 /* AXPermissionChecker.swift */; };
		4856CC89A1A5DF5F61C84CB3 /* MockPermissionChecker.swift in Sources */ = {isa = PBXBuildFile; fileRef = 7B2038279C8A1DDE0111627B /* MockPermissionChecker.swift */; };
		48D7FE31707F59FB754E4233 /* V1_InitialSchema.swift in Sources */ = {isa = PBXBuildFile; fileRef = 7BBEC2A73E7B7B2B35517303 /* V1_InitialSchema.swift */; };
		4955BFFEA859CB9FB338884A /* SearchBarView.swift in Sources */ = {isa = PBXBuildFile; fileRef = 9A8CE78E45821C6CDDC8E566 /* SearchBarView.swift */; };
		4AB55E7FE9D73BCA49388FAB /* PrivacyTab.swift in Sources */ = {isa = PBXBuildFile; fileRef = 30D3DAF16879D2F4C4019842 /* PrivacyTab.swift */; };
		4ADA8D20C0D12EDEAAE39746 /* PermissionError.swift in Sources */ = {isa = PBXBuildFile; fileRef = 9C8821C6DCF342F758E43699 /* PermissionError.swift */; };
		4C9B199FD17AA6A2B37C7CAD /* HistoryPopover.swift in Sources */ = {isa = PBXBuildFile; fileRef = 9633EB9F8D2E8E21EFB055AB /* HistoryPopover.swift */; };
		4E08A08994CC2F2CBBD582BD /* PlainNSTextField.swift in Sources */ = {isa = PBXBuildFile; fileRef = 08C5FE97C34B296DA2CE7BF8 /* PlainNSTextField.swift */; };
		5377E8AB49CD565122FE785F /* PopoverWindowFirstResponderTests.swift in Sources */ = {isa = PBXBuildFile; fileRef = 87ADFB6223D52E81CAC6C7F4 /* PopoverWindowFirstResponderTests.swift */; };
		542F66953A81AA8ECA9EF7EE /* ClipDetailProvider.swift in Sources */ = {isa = PBXBuildFile; fileRef = 612D5A2BEE2E7485E7BEFAC9 /* ClipDetailProvider.swift */; };
		54311EF5B9EACD5F37DECB3D /* ClipListHeightTests.swift in Sources */ = {isa = PBXBuildFile; fileRef = 924E5D4A5A4CD49089E96C1C /* ClipListHeightTests.swift */; };
		5449B9745FE5CC876BE26312 /* ClipboardWatcher.swift in Sources */ = {isa = PBXBuildFile; fileRef = 9172C06297E8D0BA39D0A945 /* ClipboardWatcher.swift */; };
		566AB976E56EFC855715420C /* MockFileClipService.swift in Sources */ = {isa = PBXBuildFile; fileRef = DD652E4F77C861DC978525BC /* MockFileClipService.swift */; };
		5752F24D713EAD2073B400B0 /* PasteServiceTests.swift in Sources */ = {isa = PBXBuildFile; fileRef = 5B78F79CEE361413E4605CB4 /* PasteServiceTests.swift */; };
		57E5D2A635DFB7430F46BB7A /* SystemPasteboard.swift in Sources */ = {isa = PBXBuildFile; fileRef = 3FB7C47C462D260CBAC144F0 /* SystemPasteboard.swift */; };
		584FBFA84188B968C22F28C9 /* FrontmostAppTracker.swift in Sources */ = {isa = PBXBuildFile; fileRef = F46230D84C506CFB6C8FF1E5 /* FrontmostAppTracker.swift */; };
		5A1A785A6D9339BF561AF592 /* SettingsViewModelPopoverPositionTests.swift in Sources */ = {isa = PBXBuildFile; fileRef = 922223BE72E292AA86875238 /* SettingsViewModelPopoverPositionTests.swift */; };
		60BF919868BB1145328CB7D1 /* ClipsViewModelResizeSyncTests.swift in Sources */ = {isa = PBXBuildFile; fileRef = A2D4DECFBFB72D8C30C654F7 /* ClipsViewModelResizeSyncTests.swift */; };
		62F7992F5C66EE8C42F91320 /* ClipsViewModelTests.swift in Sources */ = {isa = PBXBuildFile; fileRef = 10537D5F27411AA8B43FCD5C /* ClipsViewModelTests.swift */; };
		6DBA7441BFAC6D8322F2D04D /* PermissionStep.swift in Sources */ = {isa = PBXBuildFile; fileRef = DADE6BF4854D63A0C86C70AF /* PermissionStep.swift */; };
		6ED1FACD4C3BBAA4B3E69460 /* ClipMetaFooterFormatTests.swift in Sources */ = {isa = PBXBuildFile; fileRef = 05F86D5358B4E037D7447347 /* ClipMetaFooterFormatTests.swift */; };
		71AF0770C533518335EBAABA /* Constants.swift in Sources */ = {isa = PBXBuildFile; fileRef = CD0B8182EC92FA88FE38E3C0 /* Constants.swift */; };
		72463C79D705CFBD0713D08C /* NotificationCenter.swift in Sources */ = {isa = PBXBuildFile; fileRef = 379F6ECA97AD0E7655561FC7 /* NotificationCenter.swift */; };
		724F8EA0004E3ECBC8B2D8BE /* AccessibilityPermissionChecker.swift in Sources */ = {isa = PBXBuildFile; fileRef = 897339333BC7339153B401FF /* AccessibilityPermissionChecker.swift */; };
		79EE3FC30A6ADFDBE0B3F3B9 /* OnboardingPrimaryButton.swift in Sources */ = {isa = PBXBuildFile; fileRef = F86D34F41FF0A275A2D4EE9D /* OnboardingPrimaryButton.swift */; };
		7B523209C391078FB715994F /* VisualEffectView.swift in Sources */ = {isa = PBXBuildFile; fileRef = C7FD1FD60882E1D5749E1D14 /* VisualEffectView.swift */; };
		7BAC045A31A050B6C066B03C /* FrontmostAppTracking.swift in Sources */ = {isa = PBXBuildFile; fileRef = EFAF2294718B9FD29092DC46 /* FrontmostAppTracking.swift */; };
		7C4167CFB5E294FAD13AC6BA /* GRDB in Frameworks */ = {isa = PBXBuildFile; productRef = 89A83E894ACDADE82ACD6570 /* GRDB */; };
		7C90A0BFC95D4E6B6985A6BC /* NotificationServiceTests.swift in Sources */ = {isa = PBXBuildFile; fileRef = 9E42B0E16548DA1FD287FEF0 /* NotificationServiceTests.swift */; };
		8069E88977094C5967679524 /* MockLoginItemRegistrar.swift in Sources */ = {isa = PBXBuildFile; fileRef = 66E89689F16DED962DF08C1D /* MockLoginItemRegistrar.swift */; };
		835F6FE3B1AA9EA3A1C6DA5B /* SMLoginItemRegistrar.swift in Sources */ = {isa = PBXBuildFile; fileRef = 6EFFEA3BA0BB94B320D24BA5 /* SMLoginItemRegistrar.swift */; };
		84851E764809550BD1D5B4E3 /* HotkeyMonitorTests.swift in Sources */ = {isa = PBXBuildFile; fileRef = B923EDBE5786A27FC11377E1 /* HotkeyMonitorTests.swift */; };
		88E943BD0312700E5FE4B175 /* ClipRepository.swift in Sources */ = {isa = PBXBuildFile; fileRef = 62BBACFBBB2C99462C4CC386 /* ClipRepository.swift */; };
		89822F67D27754E1FC32D193 /* GRDBClipRepository.swift in Sources */ = {isa = PBXBuildFile; fileRef = 434B3F4402897EE56F73DB99 /* GRDBClipRepository.swift */; };
		8A200B6C7E80CB94F02E537D /* StatusItemController.swift in Sources */ = {isa = PBXBuildFile; fileRef = 751A7A0CB094605AA22D5832 /* StatusItemController.swift */; };
		8A66C94AE89B79B13BC72E00 /* ClipDetailProviderTests.swift in Sources */ = {isa = PBXBuildFile; fileRef = 18D71DFF51AE21B371439BB0 /* ClipDetailProviderTests.swift */; };
		8A81FFAB4E9F8DD56F534CE4 /* DirectFileClipService.swift in Sources */ = {isa = PBXBuildFile; fileRef = 5B6618B1B107005F500E32AB /* DirectFileClipService.swift */; };
		8BFBD0BC6D0008EE082F2BF3 /* ClipDetailProvidersTests.swift in Sources */ = {isa = PBXBuildFile; fileRef = D0DC5A75B7A075F7613827CC /* ClipDetailProvidersTests.swift */; };
		8E3A1D3E9FE4CFA879601A2B /* HotkeyManagerTests.swift in Sources */ = {isa = PBXBuildFile; fileRef = E4883D42F250773707ADF23B /* HotkeyManagerTests.swift */; };
		8F14EC9968688BAC4321D98F /* PopoverResizeAutoFitTests.swift in Sources */ = {isa = PBXBuildFile; fileRef = DF864CCA6AA1BAE871CAA97F /* PopoverResizeAutoFitTests.swift */; };
		90725EAA55BE570DD4ECD30B /* DesignTokens.swift in Sources */ = {isa = PBXBuildFile; fileRef = E98FBB4F17FD1447563685ED /* DesignTokens.swift */; };
		90E9056930218671C39F97F9 /* LoginItemRegistrar.swift in Sources */ = {isa = PBXBuildFile; fileRef = 82F37D44E2C3029E2174CAEE /* LoginItemRegistrar.swift */; };
		913EF81CAA4E1BAA1D6C71F8 /* KeyboardShortcuts in Frameworks */ = {isa = PBXBuildFile; productRef = 4585E0795E3DF36473FB5ECA /* KeyboardShortcuts */; };
		939CE1B07346CA8E792FE14A /* KeyboardHintsViewTests.swift in Sources */ = {isa = PBXBuildFile; fileRef = 66E22A3012CBFDCAB4A1325B /* KeyboardHintsViewTests.swift */; };
		9BF65CD5AA23A4DC31E850C2 /* Localizable.xcstrings in Resources */ = {isa = PBXBuildFile; fileRef = 44BCFC059BCC9584CB16A6FF /* Localizable.xcstrings */; };
		9D50F84A474877E53EE26A1D /* FileClipService.swift in Sources */ = {isa = PBXBuildFile; fileRef = 41D48CC145A382F6D5F7FAD1 /* FileClipService.swift */; };
		9FD5A881D41B4EC189D370AE /* ToastKindTTLTests.swift in Sources */ = {isa = PBXBuildFile; fileRef = B606A223524B64CD1CDC0002 /* ToastKindTTLTests.swift */; };
		A17D47FD5990831B39B0D417 /* AboutTab.swift in Sources */ = {isa = PBXBuildFile; fileRef = AE472B0FB7855E82A42A7F44 /* AboutTab.swift */; };
		A52D8A0683470D93662E68E7 /* DirectFileClipServiceTests.swift in Sources */ = {isa = PBXBuildFile; fileRef = 908867B33C3EF7F04CA80A32 /* DirectFileClipServiceTests.swift */; };
		A87CA74854FDFC9DA007C3C9 /* MockNotificationCenter.swift in Sources */ = {isa = PBXBuildFile; fileRef = 19923362833B37310A4C6F15 /* MockNotificationCenter.swift */; };
		A8B8E70620D97DD4397381FD /* FlowLayout.swift in Sources */ = {isa = PBXBuildFile; fileRef = 1165FDD9A41E4E0DA4BAF6CF /* FlowLayout.swift */; };
		A9051CD8C8F424B5D223D1AB /* Assets.xcassets in Resources */ = {isa = PBXBuildFile; fileRef = 3EE324DF8C54B8E453C156DB /* Assets.xcassets */; };
		AA2F09B80048018F8756B4F1 /* ClipFixture.swift in Sources */ = {isa = PBXBuildFile; fileRef = D38286152C9E4F697E8B7A1E /* ClipFixture.swift */; };
		AC31FE35B58211197D6B85C1 /* MockPasteSynthesizer.swift in Sources */ = {isa = PBXBuildFile; fileRef = F58C73620DCDDFF2A079F78D /* MockPasteSynthesizer.swift */; };
		AD00393F6EB7358AE6B672C7 /* GRDB in Frameworks */ = {isa = PBXBuildFile; productRef = D01AE64D660FD429BC921CB4 /* GRDB */; };
		AEA744FA858E1B2FF6D0ECDE /* StashNotification.swift in Sources */ = {isa = PBXBuildFile; fileRef = 463D20EF401118A22A9151CF /* StashNotification.swift */; };
		AEB01622102EBA385A3F4779 /* PasteError.swift in Sources */ = {isa = PBXBuildFile; fileRef = 4F65980B7517DAE091C6B85B /* PasteError.swift */; };
		AEC85CC1FAB99CF5BB37353C /* PopoverHotkeyTests.swift in Sources */ = {isa = PBXBuildFile; fileRef = BC1EC507344EB93C02DA1DB0 /* PopoverHotkeyTests.swift */; };
		B133FB29F2DE2D13E8CC592D /* AccentColorModeTests.swift in Sources */ = {isa = PBXBuildFile; fileRef = 7393E99FED9F8F88FCBA97A9 /* AccentColorModeTests.swift */; };
		B20C0B3764BA11E1C693C9EF /* PinSidebarHeightTests.swift in Sources */ = {isa = PBXBuildFile; fileRef = 3CE81430772D73A904021906 /* PinSidebarHeightTests.swift */; };
		A4E5F6B789C012D34567890E /* HoverTooltipControllerTests.swift in Sources */ = {isa = PBXBuildFile; fileRef = D5F6E7A89BC012D34567890F /* HoverTooltipControllerTests.swift */; };
		B27FAC7FD17D31C127F9E96A /* KeyboardShortcutsRegistrar.swift in Sources */ = {isa = PBXBuildFile; fileRef = 1E908DDD10A21E78579E39EF /* KeyboardShortcutsRegistrar.swift */; };
		B2E1ECFF4B7315DA2E05F011 /* GeneralTab.swift in Sources */ = {isa = PBXBuildFile; fileRef = 3EF3D4FD25B50CFB057A8B27 /* GeneralTab.swift */; };
		B3C8AD19ED78CE098BA384A2 /* PopoverPanelMaskedCornersTests.swift in Sources */ = {isa = PBXBuildFile; fileRef = A3B102F4B10CEF166C7FD5DD /* PopoverPanelMaskedCornersTests.swift */; };
		B40725A415049D5FD523C8BF /* ShortcutsTab.swift in Sources */ = {isa = PBXBuildFile; fileRef = 64CB621779FF8D98D7FAD107 /* ShortcutsTab.swift */; };
		B640B3E8037D4D4C3738CBD9 /* PinSidebarView.swift in Sources */ = {isa = PBXBuildFile; fileRef = A80A56E8923D0A18EB0F7619 /* PinSidebarView.swift */; };
		B79A1B23C45D6789E0F12345 /* HoverTooltip.swift in Sources */ = {isa = PBXBuildFile; fileRef = C79D5E67F89A0B12C34D5E78 /* HoverTooltip.swift */; };
		BA937B228044131CE612EA3B /* ClipMetaFooterView.swift in Sources */ = {isa = PBXBuildFile; fileRef = C0ECD9ADE15751417058B4D3 /* ClipMetaFooterView.swift */; };
		CB7AF23C569A4635848D9E74 /* ScrollableTextView.swift in Sources */ = {isa = PBXBuildFile; fileRef = 94341795AFA74E278E3CD801 /* ScrollableTextView.swift */; };
		BAC9E1C25BA70982A8E01256 /* PasteMode.swift in Sources */ = {isa = PBXBuildFile; fileRef = 0C91522719500FA76B373310 /* PasteMode.swift */; };
		BCBB3792E11923E82CACD6C1 /* ClipboardError.swift in Sources */ = {isa = PBXBuildFile; fileRef = B4EAA4EFBB52CB89FB4BD659 /* ClipboardError.swift */; };
		BCFFC8ECD68A5E60AAC89024 /* PopoverAnchorTests.swift in Sources */ = {isa = PBXBuildFile; fileRef = 84222FC42A1AF0C57D2BD3AD /* PopoverAnchorTests.swift */; };
		BD2F77974D0E0EEB95A9F40D /* SettingsViewModelTests.swift in Sources */ = {isa = PBXBuildFile; fileRef = A853A709FB78E43A7D4FC03F /* SettingsViewModelTests.swift */; };
		C2A67641484C9AAC8048802B /* WelcomeStep.swift in Sources */ = {isa = PBXBuildFile; fileRef = 1BD85BD91D8682814D2823A3 /* WelcomeStep.swift */; };
		C583FB91213DEC0AE9611353 /* ClipsViewModelPinSidebarHoverExitTests.swift in Sources */ = {isa = PBXBuildFile; fileRef = 04CCD837F00542D46EFC3AD7 /* ClipsViewModelPinSidebarHoverExitTests.swift */; };
		C5F0A3EF48AC1EFB7F4802C9 /* DisplayTab.swift in Sources */ = {isa = PBXBuildFile; fileRef = F58C5059A01A33A5DB1B7BE2 /* DisplayTab.swift */; };
		C76DC45858A556435C206A04 /* ToastWindow.swift in Sources */ = {isa = PBXBuildFile; fileRef = 51FFD4FA98602BA3727BF56B /* ToastWindow.swift */; };
		CA09160460A13BDDA5C4F566 /* ClipsViewModelClipDetailTests.swift in Sources */ = {isa = PBXBuildFile; fileRef = 4C56146F5D3E8DA3ACA1491A /* ClipsViewModelClipDetailTests.swift */; };
		CD9A5150FF7E0D76BBD9080D /* KeyablePanel.swift in Sources */ = {isa = PBXBuildFile; fileRef = 45E443A998D3F1BCA8FD6A13 /* KeyablePanel.swift */; };
		CE4E592E49B9B0DDFA3801C3 /* NotificationService.swift in Sources */ = {isa = PBXBuildFile; fileRef = 8FB8D2E5A9C6027D6DE14A32 /* NotificationService.swift */; };
		D2D9EC2BD4302203DC9FC6A8 /* PermissionToastNotifier.swift in Sources */ = {isa = PBXBuildFile; fileRef = 53B7FFADB5CCE0F0F538816F /* PermissionToastNotifier.swift */; };
		D2DD536A6E5FCE5F73FE0404 /* GRDBClipRepositoryTests.swift in Sources */ = {isa = PBXBuildFile; fileRef = E6FAAC0DDF288A15C616E2BD /* GRDBClipRepositoryTests.swift */; };
		D7B43B1D4C83DD0D60E97F42 /* InMemoryClipRepository.swift in Sources */ = {isa = PBXBuildFile; fileRef = B31DB93533AEF858ED462945 /* InMemoryClipRepository.swift */; };
		DCF0A2C6A327FDF70436CDF0 /* HoverFillCardButton.swift in Sources */ = {isa = PBXBuildFile; fileRef = D5D0C4997C9075B9B3B38044 /* HoverFillCardButton.swift */; };
		E18894660142EA2F52041433 /* ClipboardWatcherTests.swift in Sources */ = {isa = PBXBuildFile; fileRef = 7336885A313849C86D5F0AB5 /* ClipboardWatcherTests.swift */; };
		E2C9B2A099529EA446368C04 /* PasteService.swift in Sources */ = {isa = PBXBuildFile; fileRef = DD6CBE35FD72D968EEF91175 /* PasteService.swift */; };
		E2E2A5872E59DB52C709469B /* OnboardingViewModelTests.swift in Sources */ = {isa = PBXBuildFile; fileRef = 4E29B7D4728DF6ECD9FC8C0C /* OnboardingViewModelTests.swift */; };
		E37FFBA52B48BEC193188C48 /* PopoverDragTests.swift in Sources */ = {isa = PBXBuildFile; fileRef = C8929EF6C783F2E3B8BB0150 /* PopoverDragTests.swift */; };
		E41683EA86744D9C9E364D71 /* UNNotificationCenterImpl.swift in Sources */ = {isa = PBXBuildFile; fileRef = BB0BF56AE76BBD5260707B92 /* UNNotificationCenterImpl.swift */; };
		E42D7AA581F3313A062068F4 /* ClipsViewModel.swift in Sources */ = {isa = PBXBuildFile; fileRef = 43FF65FE67F610B7433E0597 /* ClipsViewModel.swift */; };
		E76EFF60E82E41DF30661863 /* V3_AddPinnedAt.swift in Sources */ = {isa = PBXBuildFile; fileRef = 37B7B8E4905EACA02E1A82F2 /* V3_AddPinnedAt.swift */; };
		E7EF38DD46F3B757DC9F3C23 /* TutorialStep.swift in Sources */ = {isa = PBXBuildFile; fileRef = C114C8E0EE27FD4687599CB5 /* TutorialStep.swift */; };
		EBE9555266A27592751DC6CB /* SettingsViewModel.swift in Sources */ = {isa = PBXBuildFile; fileRef = 55F4D26A9D94C3359AEE95AF /* SettingsViewModel.swift */; };
		EBF9920B710E000EB6728795 /* ClipDetailDirectionTests.swift in Sources */ = {isa = PBXBuildFile; fileRef = A2FBED82A359C44911F9B6FA /* ClipDetailDirectionTests.swift */; };
		EEA0773400A79F521BE82257 /* StoredFile.swift in Sources */ = {isa = PBXBuildFile; fileRef = A017DCEBF0C30CE6B3DD8871 /* StoredFile.swift */; };
		F30A06D12BFA6ACD99080BEC /* PermissionServiceTests.swift in Sources */ = {isa = PBXBuildFile; fileRef = C0BE4E161DA51CD1AA5CD2B9 /* PermissionServiceTests.swift */; };
		F382DD5BCC65DB90ABC02074 /* HotkeyMonitor.swift in Sources */ = {isa = PBXBuildFile; fileRef = 15E134AE9193E2DD1F682B55 /* HotkeyMonitor.swift */; };
		F4BD0BFCA871A6130318363C /* PasteSynthesizer.swift in Sources */ = {isa = PBXBuildFile; fileRef = F550679D6CEAF5533B2620A8 /* PasteSynthesizer.swift */; };
		F5088FB23DCC026C869370A7 /* HotkeyManager.swift in Sources */ = {isa = PBXBuildFile; fileRef = 56C3EFAF7A26E7D738B789E8 /* HotkeyManager.swift */; };
		F799790502EC1746149B6631 /* StashTests.swift in Sources */ = {isa = PBXBuildFile; fileRef = 557F3C45FCDA7298C9E97570 /* StashTests.swift */; };
		F79BE03457BFB366C85677B6 /* LoginItemService.swift in Sources */ = {isa = PBXBuildFile; fileRef = C792B578930BE0A58B6662EB /* LoginItemService.swift */; };
		E651828283704026D7B169E2 /* AppLanguageService.swift in Sources */ = {isa = PBXBuildFile; fileRef = CD86E91725FC08801559F5BB /* AppLanguageService.swift */; };
		F204BFCFF86A22D975E2ABEC /* AppLanguageServiceTests.swift in Sources */ = {isa = PBXBuildFile; fileRef = 4865C668F8676822D704D137 /* AppLanguageServiceTests.swift */; };
		F93A02FE0B5E02BB035FF4A4 /* ClipRowViewBadgeTextTests.swift in Sources */ = {isa = PBXBuildFile; fileRef = 18E8C3921DECC46E96B63533 /* ClipRowViewBadgeTextTests.swift */; };
		F97D973E9F52CFBF2DA63F3D /* OnboardingViewModel.swift in Sources */ = {isa = PBXBuildFile; fileRef = 9F4544552328E6B3EF5155EA /* OnboardingViewModel.swift */; };
		FC40E4B90B8CD481EA673185 /* PreferencesWindowController.swift in Sources */ = {isa = PBXBuildFile; fileRef = CF539C88EFD0D036E8723AF0 /* PreferencesWindowController.swift */; };
		FCAAE7BD62B40CF24B958421 /* HoverableSlider.swift in Sources */ = {isa = PBXBuildFile; fileRef = E29CD74FDC09A07723EC6380 /* HoverableSlider.swift */; };
		FCFDF16441483CA979876223 /* PopoverWindow.swift in Sources */ = {isa = PBXBuildFile; fileRef = 68024B3A70B6A090A9FB5402 /* PopoverWindow.swift */; };
		FFF2F830A12B4074EC47843E /* OnboardingWindow.swift in Sources */ = {isa = PBXBuildFile; fileRef = 303C11ECF3EB956EC63B27AC /* OnboardingWindow.swift */; };
/* End PBXBuildFile section */

/* Begin PBXContainerItemProxy section */
		B82F6E163E23842D870400B2 /* PBXContainerItemProxy */ = {
			isa = PBXContainerItemProxy;
			containerPortal = 88A960354FABA4B7EA2F7DAD /* Project object */;
			proxyType = 1;
			remoteGlobalIDString = A558ECE1CB83CFFAEFAB6C61;
			remoteInfo = stash;
		};
		D572151D83599511C20F2A62 /* PBXContainerItemProxy */ = {
			isa = PBXContainerItemProxy;
			containerPortal = 88A960354FABA4B7EA2F7DAD /* Project object */;
			proxyType = 1;
			remoteGlobalIDString = A558ECE1CB83CFFAEFAB6C61;
			remoteInfo = stash;
		};
/* End PBXContainerItemProxy section */

/* Begin PBXFileReference section */
		04CCD837F00542D46EFC3AD7 /* ClipsViewModelPinSidebarHoverExitTests.swift */ = {isa = PBXFileReference; lastKnownFileType = sourcecode.swift; path = ClipsViewModelPinSidebarHoverExitTests.swift; sourceTree = "<group>"; };
		05F86D5358B4E037D7447347 /* ClipMetaFooterFormatTests.swift */ = {isa = PBXFileReference; lastKnownFileType = sourcecode.swift; path = ClipMetaFooterFormatTests.swift; sourceTree = "<group>"; };
		08C5FE97C34B296DA2CE7BF8 /* PlainNSTextField.swift */ = {isa = PBXFileReference; lastKnownFileType = sourcecode.swift; path = PlainNSTextField.swift; sourceTree = "<group>"; };
		098019976C3EFFA13212432F /* InMemoryClipRepositoryTests.swift */ = {isa = PBXFileReference; lastKnownFileType = sourcecode.swift; path = InMemoryClipRepositoryTests.swift; sourceTree = "<group>"; };
		0BAF1E0DC019B85638177245 /* SystemWrapperTests.swift */ = {isa = PBXFileReference; lastKnownFileType = sourcecode.swift; path = SystemWrapperTests.swift; sourceTree = "<group>"; };
		0C2639102006CC9123B5C2E6 /* KeyCapView.swift */ = {isa = PBXFileReference; lastKnownFileType = sourcecode.swift; path = KeyCapView.swift; sourceTree = "<group>"; };
		0C91522719500FA76B373310 /* PasteMode.swift */ = {isa = PBXFileReference; lastKnownFileType = sourcecode.swift; path = PasteMode.swift; sourceTree = "<group>"; };
		0DEF29692BE671148BC8B207 /* ToastView.swift */ = {isa = PBXFileReference; lastKnownFileType = sourcecode.swift; path = ToastView.swift; sourceTree = "<group>"; };
		0E40154BB2505E5BB304BBC3 /* ClipDetailDirection.swift */ = {isa = PBXFileReference; lastKnownFileType = sourcecode.swift; path = ClipDetailDirection.swift; sourceTree = "<group>"; };
		10537D5F27411AA8B43FCD5C /* ClipsViewModelTests.swift */ = {isa = PBXFileReference; lastKnownFileType = sourcecode.swift; path = ClipsViewModelTests.swift; sourceTree = "<group>"; };
		1165FDD9A41E4E0DA4BAF6CF /* FlowLayout.swift */ = {isa = PBXFileReference; lastKnownFileType = sourcecode.swift; path = FlowLayout.swift; sourceTree = "<group>"; };
		15E134AE9193E2DD1F682B55 /* HotkeyMonitor.swift */ = {isa = PBXFileReference; lastKnownFileType = sourcecode.swift; path = HotkeyMonitor.swift; sourceTree = "<group>"; };
		18D71DFF51AE21B371439BB0 /* ClipDetailProviderTests.swift */ = {isa = PBXFileReference; lastKnownFileType = sourcecode.swift; path = ClipDetailProviderTests.swift; sourceTree = "<group>"; };
		18E8C3921DECC46E96B63533 /* ClipRowViewBadgeTextTests.swift */ = {isa = PBXFileReference; lastKnownFileType = sourcecode.swift; path = ClipRowViewBadgeTextTests.swift; sourceTree = "<group>"; };
		19923362833B37310A4C6F15 /* MockNotificationCenter.swift */ = {isa = PBXFileReference; lastKnownFileType = sourcecode.swift; path = MockNotificationCenter.swift; sourceTree = "<group>"; };
		1BD85BD91D8682814D2823A3 /* WelcomeStep.swift */ = {isa = PBXFileReference; lastKnownFileType = sourcecode.swift; path = WelcomeStep.swift; sourceTree = "<group>"; };
		1E908DDD10A21E78579E39EF /* KeyboardShortcutsRegistrar.swift */ = {isa = PBXFileReference; lastKnownFileType = sourcecode.swift; path = KeyboardShortcutsRegistrar.swift; sourceTree = "<group>"; };
		202B99429C235C3BBF0965FD /* PopoverShortcutStoreDefaultsTests.swift */ = {isa = PBXFileReference; lastKnownFileType = sourcecode.swift; path = PopoverShortcutStoreDefaultsTests.swift; sourceTree = "<group>"; };
		2BCFB927BC7FE94689FAA601 /* ClipType.swift */ = {isa = PBXFileReference; lastKnownFileType = sourcecode.swift; path = ClipType.swift; sourceTree = "<group>"; };
		2DD8201294C23DEA833C7D45 /* MockHotkeyRegistrar.swift */ = {isa = PBXFileReference; lastKnownFileType = sourcecode.swift; path = MockHotkeyRegistrar.swift; sourceTree = "<group>"; };
		303C11ECF3EB956EC63B27AC /* OnboardingWindow.swift */ = {isa = PBXFileReference; lastKnownFileType = sourcecode.swift; path = OnboardingWindow.swift; sourceTree = "<group>"; };
		30D3DAF16879D2F4C4019842 /* PrivacyTab.swift */ = {isa = PBXFileReference; lastKnownFileType = sourcecode.swift; path = PrivacyTab.swift; sourceTree = "<group>"; };
		3764D9ADC4CA9C1919481D15 /* StashTests.xctest */ = {isa = PBXFileReference; explicitFileType = wrapper.cfbundle; includeInIndex = 0; path = StashTests.xctest; sourceTree = BUILT_PRODUCTS_DIR; };
		379F6ECA97AD0E7655561FC7 /* NotificationCenter.swift */ = {isa = PBXFileReference; lastKnownFileType = sourcecode.swift; path = NotificationCenter.swift; sourceTree = "<group>"; };
		37B7B8E4905EACA02E1A82F2 /* V3_AddPinnedAt.swift */ = {isa = PBXFileReference; lastKnownFileType = sourcecode.swift; path = V3_AddPinnedAt.swift; sourceTree = "<group>"; };
		3CE81430772D73A904021906 /* PinSidebarHeightTests.swift */ = {isa = PBXFileReference; lastKnownFileType = sourcecode.swift; path = PinSidebarHeightTests.swift; sourceTree = "<group>"; };
		D5F6E7A89BC012D34567890F /* HoverTooltipControllerTests.swift */ = {isa = PBXFileReference; lastKnownFileType = sourcecode.swift; path = HoverTooltipControllerTests.swift; sourceTree = "<group>"; };
		3EE324DF8C54B8E453C156DB /* Assets.xcassets */ = {isa = PBXFileReference; lastKnownFileType = folder.assetcatalog; path = Assets.xcassets; sourceTree = "<group>"; };
		3EF3D4FD25B50CFB057A8B27 /* GeneralTab.swift */ = {isa = PBXFileReference; lastKnownFileType = sourcecode.swift; path = GeneralTab.swift; sourceTree = "<group>"; };
		3FB7C47C462D260CBAC144F0 /* SystemPasteboard.swift */ = {isa = PBXFileReference; lastKnownFileType = sourcecode.swift; path = SystemPasteboard.swift; sourceTree = "<group>"; };
		41D48CC145A382F6D5F7FAD1 /* FileClipService.swift */ = {isa = PBXFileReference; lastKnownFileType = sourcecode.swift; path = FileClipService.swift; sourceTree = "<group>"; };
		434B3F4402897EE56F73DB99 /* GRDBClipRepository.swift */ = {isa = PBXFileReference; lastKnownFileType = sourcecode.swift; path = GRDBClipRepository.swift; sourceTree = "<group>"; };
		43FF65FE67F610B7433E0597 /* ClipsViewModel.swift */ = {isa = PBXFileReference; lastKnownFileType = sourcecode.swift; path = ClipsViewModel.swift; sourceTree = "<group>"; };
		44BCFC059BCC9584CB16A6FF /* Localizable.xcstrings */ = {isa = PBXFileReference; lastKnownFileType = text.json.xcstrings; path = Localizable.xcstrings; sourceTree = "<group>"; };
		45E443A998D3F1BCA8FD6A13 /* KeyablePanel.swift */ = {isa = PBXFileReference; lastKnownFileType = sourcecode.swift; path = KeyablePanel.swift; sourceTree = "<group>"; };
		463D20EF401118A22A9151CF /* StashNotification.swift */ = {isa = PBXFileReference; lastKnownFileType = sourcecode.swift; path = StashNotification.swift; sourceTree = "<group>"; };
		4C56146F5D3E8DA3ACA1491A /* ClipsViewModelClipDetailTests.swift */ = {isa = PBXFileReference; lastKnownFileType = sourcecode.swift; path = ClipsViewModelClipDetailTests.swift; sourceTree = "<group>"; };
		4E29B7D4728DF6ECD9FC8C0C /* OnboardingViewModelTests.swift */ = {isa = PBXFileReference; lastKnownFileType = sourcecode.swift; path = OnboardingViewModelTests.swift; sourceTree = "<group>"; };
		4F65980B7517DAE091C6B85B /* PasteError.swift */ = {isa = PBXFileReference; lastKnownFileType = sourcecode.swift; path = PasteError.swift; sourceTree = "<group>"; };
		51FFD4FA98602BA3727BF56B /* ToastWindow.swift */ = {isa = PBXFileReference; lastKnownFileType = sourcecode.swift; path = ToastWindow.swift; sourceTree = "<group>"; };
		53B7FFADB5CCE0F0F538816F /* PermissionToastNotifier.swift */ = {isa = PBXFileReference; lastKnownFileType = sourcecode.swift; path = PermissionToastNotifier.swift; sourceTree = "<group>"; };
		557F3C45FCDA7298C9E97570 /* StashTests.swift */ = {isa = PBXFileReference; lastKnownFileType = sourcecode.swift; path = StashTests.swift; sourceTree = "<group>"; };
		55F4D26A9D94C3359AEE95AF /* SettingsViewModel.swift */ = {isa = PBXFileReference; lastKnownFileType = sourcecode.swift; path = SettingsViewModel.swift; sourceTree = "<group>"; };
		5633CEC1E9B5F2F316055DE4 /* Logger+Categories.swift */ = {isa = PBXFileReference; lastKnownFileType = sourcecode.swift; path = "Logger+Categories.swift"; sourceTree = "<group>"; };
		56C3EFAF7A26E7D738B789E8 /* HotkeyManager.swift */ = {isa = PBXFileReference; lastKnownFileType = sourcecode.swift; path = HotkeyManager.swift; sourceTree = "<group>"; };
		583712D469E1F3ED4752F149 /* MockPasteboard.swift */ = {isa = PBXFileReference; lastKnownFileType = sourcecode.swift; path = MockPasteboard.swift; sourceTree = "<group>"; };
		5AB29F8BE38E85CEB0DC4E3F /* SettingsWindow.swift */ = {isa = PBXFileReference; lastKnownFileType = sourcecode.swift; path = SettingsWindow.swift; sourceTree = "<group>"; };
		5B6618B1B107005F500E32AB /* DirectFileClipService.swift */ = {isa = PBXFileReference; lastKnownFileType = sourcecode.swift; path = DirectFileClipService.swift; sourceTree = "<group>"; };
		5B78F79CEE361413E4605CB4 /* PasteServiceTests.swift */ = {isa = PBXFileReference; lastKnownFileType = sourcecode.swift; path = PasteServiceTests.swift; sourceTree = "<group>"; };
		5C0B76F95F4B4B5EF23A085D /* stash.app */ = {isa = PBXFileReference; explicitFileType = wrapper.application; includeInIndex = 0; path = stash.app; sourceTree = BUILT_PRODUCTS_DIR; };
		5C4BABEFCF83C0BB68FDD1AC /* DatabaseError.swift */ = {isa = PBXFileReference; lastKnownFileType = sourcecode.swift; path = DatabaseError.swift; sourceTree = "<group>"; };
		612D5A2BEE2E7485E7BEFAC9 /* ClipDetailProvider.swift */ = {isa = PBXFileReference; lastKnownFileType = sourcecode.swift; path = ClipDetailProvider.swift; sourceTree = "<group>"; };
		62BBACFBBB2C99462C4CC386 /* ClipRepository.swift */ = {isa = PBXFileReference; lastKnownFileType = sourcecode.swift; path = ClipRepository.swift; sourceTree = "<group>"; };
		64CB621779FF8D98D7FAD107 /* ShortcutsTab.swift */ = {isa = PBXFileReference; lastKnownFileType = sourcecode.swift; path = ShortcutsTab.swift; sourceTree = "<group>"; };
		66E22A3012CBFDCAB4A1325B /* KeyboardHintsViewTests.swift */ = {isa = PBXFileReference; lastKnownFileType = sourcecode.swift; path = KeyboardHintsViewTests.swift; sourceTree = "<group>"; };
		66E89689F16DED962DF08C1D /* MockLoginItemRegistrar.swift */ = {isa = PBXFileReference; lastKnownFileType = sourcecode.swift; path = MockLoginItemRegistrar.swift; sourceTree = "<group>"; };
		68024B3A70B6A090A9FB5402 /* PopoverWindow.swift */ = {isa = PBXFileReference; lastKnownFileType = sourcecode.swift; path = PopoverWindow.swift; sourceTree = "<group>"; };
		94341795AFA74E278E3CD801 /* ScrollableTextView.swift */ = {isa = PBXFileReference; lastKnownFileType = sourcecode.swift; path = ScrollableTextView.swift; sourceTree = "<group>"; };
		6C50E3A1DC1A7DF9FAEC90AC /* ClipRowView.swift */ = {isa = PBXFileReference; lastKnownFileType = sourcecode.swift; path = ClipRowView.swift; sourceTree = "<group>"; };
		6EFFEA3BA0BB94B320D24BA5 /* SMLoginItemRegistrar.swift */ = {isa = PBXFileReference; lastKnownFileType = sourcecode.swift; path = SMLoginItemRegistrar.swift; sourceTree = "<group>"; };
		7336885A313849C86D5F0AB5 /* ClipboardWatcherTests.swift */ = {isa = PBXFileReference; lastKnownFileType = sourcecode.swift; path = ClipboardWatcherTests.swift; sourceTree = "<group>"; };
		7393E99FED9F8F88FCBA97A9 /* AccentColorModeTests.swift */ = {isa = PBXFileReference; lastKnownFileType = sourcecode.swift; path = AccentColorModeTests.swift; sourceTree = "<group>"; };
		751A7A0CB094605AA22D5832 /* StatusItemController.swift */ = {isa = PBXFileReference; lastKnownFileType = sourcecode.swift; path = StatusItemController.swift; sourceTree = "<group>"; };
		7759FF45D27A254EF93BFD71 /* ClipRowViewHighlightTests.swift */ = {isa = PBXFileReference; lastKnownFileType = sourcecode.swift; path = ClipRowViewHighlightTests.swift; sourceTree = "<group>"; };
		7B2038279C8A1DDE0111627B /* MockPermissionChecker.swift */ = {isa = PBXFileReference; lastKnownFileType = sourcecode.swift; path = MockPermissionChecker.swift; sourceTree = "<group>"; };
		7BBEC2A73E7B7B2B35517303 /* V1_InitialSchema.swift */ = {isa = PBXFileReference; lastKnownFileType = sourcecode.swift; path = V1_InitialSchema.swift; sourceTree = "<group>"; };
		7C3D66D2F9D7F4C1B6D93FF2 /* V2_DedupSameBody.swift */ = {isa = PBXFileReference; lastKnownFileType = sourcecode.swift; path = V2_DedupSameBody.swift; sourceTree = "<group>"; };
		82F37D44E2C3029E2174CAEE /* LoginItemRegistrar.swift */ = {isa = PBXFileReference; lastKnownFileType = sourcecode.swift; path = LoginItemRegistrar.swift; sourceTree = "<group>"; };
		84222FC42A1AF0C57D2BD3AD /* PopoverAnchorTests.swift */ = {isa = PBXFileReference; lastKnownFileType = sourcecode.swift; path = PopoverAnchorTests.swift; sourceTree = "<group>"; };
		878BE4CF320C62C9013F4A81 /* ClipFileEntry.swift */ = {isa = PBXFileReference; lastKnownFileType = sourcecode.swift; path = ClipFileEntry.swift; sourceTree = "<group>"; };
		87ADFB6223D52E81CAC6C7F4 /* PopoverWindowFirstResponderTests.swift */ = {isa = PBXFileReference; lastKnownFileType = sourcecode.swift; path = PopoverWindowFirstResponderTests.swift; sourceTree = "<group>"; };
		897339333BC7339153B401FF /* AccessibilityPermissionChecker.swift */ = {isa = PBXFileReference; lastKnownFileType = sourcecode.swift; path = AccessibilityPermissionChecker.swift; sourceTree = "<group>"; };
		8EF7D2146C3F52D86B84DBCA /* Pasteboard.swift */ = {isa = PBXFileReference; lastKnownFileType = sourcecode.swift; path = Pasteboard.swift; sourceTree = "<group>"; };
		8FB8D2E5A9C6027D6DE14A32 /* NotificationService.swift */ = {isa = PBXFileReference; lastKnownFileType = sourcecode.swift; path = NotificationService.swift; sourceTree = "<group>"; };
		908867B33C3EF7F04CA80A32 /* DirectFileClipServiceTests.swift */ = {isa = PBXFileReference; lastKnownFileType = sourcecode.swift; path = DirectFileClipServiceTests.swift; sourceTree = "<group>"; };
		9172C06297E8D0BA39D0A945 /* ClipboardWatcher.swift */ = {isa = PBXFileReference; lastKnownFileType = sourcecode.swift; path = ClipboardWatcher.swift; sourceTree = "<group>"; };
		922223BE72E292AA86875238 /* SettingsViewModelPopoverPositionTests.swift */ = {isa = PBXFileReference; lastKnownFileType = sourcecode.swift; path = SettingsViewModelPopoverPositionTests.swift; sourceTree = "<group>"; };
		924E5D4A5A4CD49089E96C1C /* ClipListHeightTests.swift */ = {isa = PBXFileReference; lastKnownFileType = sourcecode.swift; path = ClipListHeightTests.swift; sourceTree = "<group>"; };
		9486F807DEE00795727B2FD9 /* AppDataPath.swift */ = {isa = PBXFileReference; lastKnownFileType = sourcecode.swift; path = AppDataPath.swift; sourceTree = "<group>"; };
		9633EB9F8D2E8E21EFB055AB /* HistoryPopover.swift */ = {isa = PBXFileReference; lastKnownFileType = sourcecode.swift; path = HistoryPopover.swift; sourceTree = "<group>"; };
		99722D7E571E2EE4C5B4A937 /* ClipsViewModelPinPasteTests.swift */ = {isa = PBXFileReference; lastKnownFileType = sourcecode.swift; path = ClipsViewModelPinPasteTests.swift; sourceTree = "<group>"; };
		9A8CE78E45821C6CDDC8E566 /* SearchBarView.swift */ = {isa = PBXFileReference; lastKnownFileType = sourcecode.swift; path = SearchBarView.swift; sourceTree = "<group>"; };
		9C8821C6DCF342F758E43699 /* PermissionError.swift */ = {isa = PBXFileReference; lastKnownFileType = sourcecode.swift; path = PermissionError.swift; sourceTree = "<group>"; };
		9E42B0E16548DA1FD287FEF0 /* NotificationServiceTests.swift */ = {isa = PBXFileReference; lastKnownFileType = sourcecode.swift; path = NotificationServiceTests.swift; sourceTree = "<group>"; };
		9F288446E988CE0124570329 /* PopoverAnchor.swift */ = {isa = PBXFileReference; lastKnownFileType = sourcecode.swift; path = PopoverAnchor.swift; sourceTree = "<group>"; };
		9F4544552328E6B3EF5155EA /* OnboardingViewModel.swift */ = {isa = PBXFileReference; lastKnownFileType = sourcecode.swift; path = OnboardingViewModel.swift; sourceTree = "<group>"; };
		A017DCEBF0C30CE6B3DD8871 /* StoredFile.swift */ = {isa = PBXFileReference; lastKnownFileType = sourcecode.swift; path = StoredFile.swift; sourceTree = "<group>"; };
		A2D4DECFBFB72D8C30C654F7 /* ClipsViewModelResizeSyncTests.swift */ = {isa = PBXFileReference; lastKnownFileType = sourcecode.swift; path = ClipsViewModelResizeSyncTests.swift; sourceTree = "<group>"; };
		A2FBED82A359C44911F9B6FA /* ClipDetailDirectionTests.swift */ = {isa = PBXFileReference; lastKnownFileType = sourcecode.swift; path = ClipDetailDirectionTests.swift; sourceTree = "<group>"; };
		A3B102F4B10CEF166C7FD5DD /* PopoverPanelMaskedCornersTests.swift */ = {isa = PBXFileReference; lastKnownFileType = sourcecode.swift; path = PopoverPanelMaskedCornersTests.swift; sourceTree = "<group>"; };
		A6577C41BC09D20FF8725437 /* V4_AddFilePathsJson.swift */ = {isa = PBXFileReference; lastKnownFileType = sourcecode.swift; path = V4_AddFilePathsJson.swift; sourceTree = "<group>"; };
		A80A56E8923D0A18EB0F7619 /* PinSidebarView.swift */ = {isa = PBXFileReference; lastKnownFileType = sourcecode.swift; path = PinSidebarView.swift; sourceTree = "<group>"; };
		C79D5E67F89A0B12C34D5E78 /* HoverTooltip.swift */ = {isa = PBXFileReference; lastKnownFileType = sourcecode.swift; path = HoverTooltip.swift; sourceTree = "<group>"; };
		A81D4D0321EA1FC3A3ED81D7 /* LoginItemServiceTests.swift */ = {isa = PBXFileReference; lastKnownFileType = sourcecode.swift; path = LoginItemServiceTests.swift; sourceTree = "<group>"; };
		A853A709FB78E43A7D4FC03F /* SettingsViewModelTests.swift */ = {isa = PBXFileReference; lastKnownFileType = sourcecode.swift; path = SettingsViewModelTests.swift; sourceTree = "<group>"; };
		A8C2523A8FC86D3032EFD079 /* MultiFileClipModelTests.swift */ = {isa = PBXFileReference; lastKnownFileType = sourcecode.swift; path = MultiFileClipModelTests.swift; sourceTree = "<group>"; };
		A8DD0387836461CD98892A84 /* Info.plist */ = {isa = PBXFileReference; lastKnownFileType = text.plist; path = Info.plist; sourceTree = "<group>"; };
		AE472B0FB7855E82A42A7F44 /* AboutTab.swift */ = {isa = PBXFileReference; lastKnownFileType = sourcecode.swift; path = AboutTab.swift; sourceTree = "<group>"; };
		B31DB93533AEF858ED462945 /* InMemoryClipRepository.swift */ = {isa = PBXFileReference; lastKnownFileType = sourcecode.swift; path = InMemoryClipRepository.swift; sourceTree = "<group>"; };
		B4EAA4EFBB52CB89FB4BD659 /* ClipboardError.swift */ = {isa = PBXFileReference; lastKnownFileType = sourcecode.swift; path = ClipboardError.swift; sourceTree = "<group>"; };
		B51675DBE82CD8A70455CBC7 /* StashApp.swift */ = {isa = PBXFileReference; lastKnownFileType = sourcecode.swift; path = StashApp.swift; sourceTree = "<group>"; };
		580D957DE5CA9A1270685B64 /* L10n.swift */ = {isa = PBXFileReference; lastKnownFileType = sourcecode.swift; path = L10n.swift; sourceTree = "<group>"; };
		B5A52843E961156954C45322 /* PopoverPanel.swift */ = {isa = PBXFileReference; lastKnownFileType = sourcecode.swift; path = PopoverPanel.swift; sourceTree = "<group>"; };
		B606A223524B64CD1CDC0002 /* ToastKindTTLTests.swift */ = {isa = PBXFileReference; lastKnownFileType = sourcecode.swift; path = ToastKindTTLTests.swift; sourceTree = "<group>"; };
		B923EDBE5786A27FC11377E1 /* HotkeyMonitorTests.swift */ = {isa = PBXFileReference; lastKnownFileType = sourcecode.swift; path = HotkeyMonitorTests.swift; sourceTree = "<group>"; };
		BB0BF56AE76BBD5260707B92 /* UNNotificationCenterImpl.swift */ = {isa = PBXFileReference; lastKnownFileType = sourcecode.swift; path = UNNotificationCenterImpl.swift; sourceTree = "<group>"; };
		BB73764772D958CF04E1CA92 /* ClipDetailPanelView.swift */ = {isa = PBXFileReference; lastKnownFileType = sourcecode.swift; path = ClipDetailPanelView.swift; sourceTree = "<group>"; };
		BC1EC507344EB93C02DA1DB0 /* PopoverHotkeyTests.swift */ = {isa = PBXFileReference; lastKnownFileType = sourcecode.swift; path = PopoverHotkeyTests.swift; sourceTree = "<group>"; };
		BC60EF7B873B2BB39EB01BD9 /* PermissionService.swift */ = {isa = PBXFileReference; lastKnownFileType = sourcecode.swift; path = PermissionService.swift; sourceTree = "<group>"; };
		BF515538B2714E20FDDBCC8B /* Clip.swift */ = {isa = PBXFileReference; lastKnownFileType = sourcecode.swift; path = Clip.swift; sourceTree = "<group>"; };
		C0BE4E161DA51CD1AA5CD2B9 /* PermissionServiceTests.swift */ = {isa = PBXFileReference; lastKnownFileType = sourcecode.swift; path = PermissionServiceTests.swift; sourceTree = "<group>"; };
		C0ECD9ADE15751417058B4D3 /* ClipMetaFooterView.swift */ = {isa = PBXFileReference; lastKnownFileType = sourcecode.swift; path = ClipMetaFooterView.swift; sourceTree = "<group>"; };
		C114C8E0EE27FD4687599CB5 /* TutorialStep.swift */ = {isa = PBXFileReference; lastKnownFileType = sourcecode.swift; path = TutorialStep.swift; sourceTree = "<group>"; };
		C70D83608F40B32A700E40BF /* StashUITests.xctest */ = {isa = PBXFileReference; explicitFileType = wrapper.cfbundle; includeInIndex = 0; path = StashUITests.xctest; sourceTree = BUILT_PRODUCTS_DIR; };
		C792B578930BE0A58B6662EB /* LoginItemService.swift */ = {isa = PBXFileReference; lastKnownFileType = sourcecode.swift; path = LoginItemService.swift; sourceTree = "<group>"; };
		CD86E91725FC08801559F5BB /* AppLanguageService.swift */ = {isa = PBXFileReference; lastKnownFileType = sourcecode.swift; path = AppLanguageService.swift; sourceTree = "<group>"; };
		4865C668F8676822D704D137 /* AppLanguageServiceTests.swift */ = {isa = PBXFileReference; lastKnownFileType = sourcecode.swift; path = AppLanguageServiceTests.swift; sourceTree = "<group>"; };
		C7FD1FD60882E1D5749E1D14 /* VisualEffectView.swift */ = {isa = PBXFileReference; lastKnownFileType = sourcecode.swift; path = VisualEffectView.swift; sourceTree = "<group>"; };
		C8929EF6C783F2E3B8BB0150 /* PopoverDragTests.swift */ = {isa = PBXFileReference; lastKnownFileType = sourcecode.swift; path = PopoverDragTests.swift; sourceTree = "<group>"; };
		CA66964C40C39F55E4018818 /* FocusZone.swift */ = {isa = PBXFileReference; lastKnownFileType = sourcecode.swift; path = FocusZone.swift; sourceTree = "<group>"; };
		CD0B8182EC92FA88FE38E3C0 /* Constants.swift */ = {isa = PBXFileReference; lastKnownFileType = sourcecode.swift; path = Constants.swift; sourceTree = "<group>"; };
		CF539C88EFD0D036E8723AF0 /* PreferencesWindowController.swift */ = {isa = PBXFileReference; lastKnownFileType = sourcecode.swift; path = PreferencesWindowController.swift; sourceTree = "<group>"; };
		D0DC5A75B7A075F7613827CC /* ClipDetailProvidersTests.swift */ = {isa = PBXFileReference; lastKnownFileType = sourcecode.swift; path = ClipDetailProvidersTests.swift; sourceTree = "<group>"; };
		D331AF51AFBF492E59F7A26E /* PopoverResizeTests.swift */ = {isa = PBXFileReference; lastKnownFileType = sourcecode.swift; path = PopoverResizeTests.swift; sourceTree = "<group>"; };
		D38286152C9E4F697E8B7A1E /* ClipFixture.swift */ = {isa = PBXFileReference; lastKnownFileType = sourcecode.swift; path = ClipFixture.swift; sourceTree = "<group>"; };
		D45A2C65902CBAC074B1FB4E /* HotkeyRegistrar.swift */ = {isa = PBXFileReference; lastKnownFileType = sourcecode.swift; path = HotkeyRegistrar.swift; sourceTree = "<group>"; };
		D5D0C4997C9075B9B3B38044 /* HoverFillCardButton.swift */ = {isa = PBXFileReference; lastKnownFileType = sourcecode.swift; path = HoverFillCardButton.swift; sourceTree = "<group>"; };
		D7A33B8A9B8C00D8066B6E17 /* StashUITests.swift */ = {isa = PBXFileReference; lastKnownFileType = sourcecode.swift; path = StashUITests.swift; sourceTree = "<group>"; };
		DADE6BF4854D63A0C86C70AF /* PermissionStep.swift */ = {isa = PBXFileReference; lastKnownFileType = sourcecode.swift; path = PermissionStep.swift; sourceTree = "<group>"; };
		DC71F8B2299A5468DA25ED97 /* CGEventPasteSynthesizer.swift */ = {isa = PBXFileReference; lastKnownFileType = sourcecode.swift; path = CGEventPasteSynthesizer.swift; sourceTree = "<group>"; };
		DD652E4F77C861DC978525BC /* MockFileClipService.swift */ = {isa = PBXFileReference; lastKnownFileType = sourcecode.swift; path = MockFileClipService.swift; sourceTree = "<group>"; };
		DD6CBE35FD72D968EEF91175 /* PasteService.swift */ = {isa = PBXFileReference; lastKnownFileType = sourcecode.swift; path = PasteService.swift; sourceTree = "<group>"; };
		DF864CCA6AA1BAE871CAA97F /* PopoverResizeAutoFitTests.swift */ = {isa = PBXFileReference; lastKnownFileType = sourcecode.swift; path = PopoverResizeAutoFitTests.swift; sourceTree = "<group>"; };
		E29CD74FDC09A07723EC6380 /* HoverableSlider.swift */ = {isa = PBXFileReference; lastKnownFileType = sourcecode.swift; path = HoverableSlider.swift; sourceTree = "<group>"; };
		E4883D42F250773707ADF23B /* HotkeyManagerTests.swift */ = {isa = PBXFileReference; lastKnownFileType = sourcecode.swift; path = HotkeyManagerTests.swift; sourceTree = "<group>"; };
		E6FAAC0DDF288A15C616E2BD /* GRDBClipRepositoryTests.swift */ = {isa = PBXFileReference; lastKnownFileType = sourcecode.swift; path = GRDBClipRepositoryTests.swift; sourceTree = "<group>"; };
		E8F6CD60DBB5BBA7DE877DB0 /* AXPermissionChecker.swift */ = {isa = PBXFileReference; lastKnownFileType = sourcecode.swift; path = AXPermissionChecker.swift; sourceTree = "<group>"; };
		E98FBB4F17FD1447563685ED /* DesignTokens.swift */ = {isa = PBXFileReference; lastKnownFileType = sourcecode.swift; path = DesignTokens.swift; sourceTree = "<group>"; };
		EFAF2294718B9FD29092DC46 /* FrontmostAppTracking.swift */ = {isa = PBXFileReference; lastKnownFileType = sourcecode.swift; path = FrontmostAppTracking.swift; sourceTree = "<group>"; };
		F02EA779802CE2D68EA428CE /* KeyboardHintsView.swift */ = {isa = PBXFileReference; lastKnownFileType = sourcecode.swift; path = KeyboardHintsView.swift; sourceTree = "<group>"; };
		F39728CAE9AEC2C7DDAFB5B9 /* PermissionStatus.swift */ = {isa = PBXFileReference; lastKnownFileType = sourcecode.swift; path = PermissionStatus.swift; sourceTree = "<group>"; };
		F46230D84C506CFB6C8FF1E5 /* FrontmostAppTracker.swift */ = {isa = PBXFileReference; lastKnownFileType = sourcecode.swift; path = FrontmostAppTracker.swift; sourceTree = "<group>"; };
		F550679D6CEAF5533B2620A8 /* PasteSynthesizer.swift */ = {isa = PBXFileReference; lastKnownFileType = sourcecode.swift; path = PasteSynthesizer.swift; sourceTree = "<group>"; };
		F58C5059A01A33A5DB1B7BE2 /* DisplayTab.swift */ = {isa = PBXFileReference; lastKnownFileType = sourcecode.swift; path = DisplayTab.swift; sourceTree = "<group>"; };
		F58C73620DCDDFF2A079F78D /* MockPasteSynthesizer.swift */ = {isa = PBXFileReference; lastKnownFileType = sourcecode.swift; path = MockPasteSynthesizer.swift; sourceTree = "<group>"; };
		F86D34F41FF0A275A2D4EE9D /* OnboardingPrimaryButton.swift */ = {isa = PBXFileReference; lastKnownFileType = sourcecode.swift; path = OnboardingPrimaryButton.swift; sourceTree = "<group>"; };
/* End PBXFileReference section */

/* Begin PBXFrameworksBuildPhase section */
		BD9F39C8838D709B402B020A /* Frameworks */ = {
			isa = PBXFrameworksBuildPhase;
			buildActionMask = 2147483647;
			files = (
				913EF81CAA4E1BAA1D6C71F8 /* KeyboardShortcuts in Frameworks */,
				AD00393F6EB7358AE6B672C7 /* GRDB in Frameworks */,
			);
			runOnlyForDeploymentPostprocessing = 0;
		};
		FA1604F5CB98A3E64C8BE3BD /* Frameworks */ = {
			isa = PBXFrameworksBuildPhase;
			buildActionMask = 2147483647;
			files = (
				7C4167CFB5E294FAD13AC6BA /* GRDB in Frameworks */,
			);
			runOnlyForDeploymentPostprocessing = 0;
		};
/* End PBXFrameworksBuildPhase section */

/* Begin PBXGroup section */
		08DE934FDB2884AF8B381CC7 /* Errors */ = {
			isa = PBXGroup;
			children = (
				B4EAA4EFBB52CB89FB4BD659 /* ClipboardError.swift */,
				5C4BABEFCF83C0BB68FDD1AC /* DatabaseError.swift */,
				4F65980B7517DAE091C6B85B /* PasteError.swift */,
				9C8821C6DCF342F758E43699 /* PermissionError.swift */,
			);
			path = Errors;
			sourceTree = "<group>";
		};
		22253F0EF41B4D866E81E9DF /* Toast */ = {
			isa = PBXGroup;
			children = (
				0DEF29692BE671148BC8B207 /* ToastView.swift */,
				51FFD4FA98602BA3727BF56B /* ToastWindow.swift */,
			);
			path = Toast;
			sourceTree = "<group>";
		};
		23F9C0474CFA245F4D6BB854 /* Persistence */ = {
			isa = PBXGroup;
			children = (
				9486F807DEE00795727B2FD9 /* AppDataPath.swift */,
				62BBACFBBB2C99462C4CC386 /* ClipRepository.swift */,
				434B3F4402897EE56F73DB99 /* GRDBClipRepository.swift */,
				43B084EFD035D77681A0641F /* Migrations */,
			);
			path = Persistence;
			sourceTree = "<group>";
		};
		2743EC14439F60C5CA031FC0 /* Resources */ = {
			isa = PBXGroup;
			children = (
				3EE324DF8C54B8E453C156DB /* Assets.xcassets */,
				A8DD0387836461CD98892A84 /* Info.plist */,
				44BCFC059BCC9584CB16A6FF /* Localizable.xcstrings */,
			);
			path = Resources;
			sourceTree = "<group>";
		};
		3131B8583E8514AF12298E44 /* UI */ = {
			isa = PBXGroup;
			children = (
				B2BCCC82D9418B0FA4B13B1D /* Onboarding */,
				3C865C5C9B45464764187DE2 /* Popover */,
				85FDE2E00C284E88C14251BF /* Settings */,
				CEDA8ACD8577496265E203CE /* Theme */,
				22253F0EF41B4D866E81E9DF /* Toast */,
			);
			path = UI;
			sourceTree = "<group>";
		};
		375F4B443F569D80BC4B7185 /* Persistence */ = {
			isa = PBXGroup;
			children = (
				D38286152C9E4F697E8B7A1E /* ClipFixture.swift */,
				E6FAAC0DDF288A15C616E2BD /* GRDBClipRepositoryTests.swift */,
				098019976C3EFFA13212432F /* InMemoryClipRepositoryTests.swift */,
				A8C2523A8FC86D3032EFD079 /* MultiFileClipModelTests.swift */,
			);
			path = Persistence;
			sourceTree = "<group>";
		};
		37CA509D50BD4C4FBFAD9A22 /* StashUITests */ = {
			isa = PBXGroup;
			children = (
				D7A33B8A9B8C00D8066B6E17 /* StashUITests.swift */,
			);
			path = StashUITests;
			sourceTree = "<group>";
		};
		3C865C5C9B45464764187DE2 /* Popover */ = {
			isa = PBXGroup;
			children = (
				0E40154BB2505E5BB304BBC3 /* ClipDetailDirection.swift */,
				BB73764772D958CF04E1CA92 /* ClipDetailPanelView.swift */,
				612D5A2BEE2E7485E7BEFAC9 /* ClipDetailProvider.swift */,
				C0ECD9ADE15751417058B4D3 /* ClipMetaFooterView.swift */,
				6C50E3A1DC1A7DF9FAEC90AC /* ClipRowView.swift */,
				43FF65FE67F610B7433E0597 /* ClipsViewModel.swift */,
				CA66964C40C39F55E4018818 /* FocusZone.swift */,
				9633EB9F8D2E8E21EFB055AB /* HistoryPopover.swift */,
				C79D5E67F89A0B12C34D5E78 /* HoverTooltip.swift */,
				45E443A998D3F1BCA8FD6A13 /* KeyablePanel.swift */,
				F02EA779802CE2D68EA428CE /* KeyboardHintsView.swift */,
				0C2639102006CC9123B5C2E6 /* KeyCapView.swift */,
				A80A56E8923D0A18EB0F7619 /* PinSidebarView.swift */,
				08C5FE97C34B296DA2CE7BF8 /* PlainNSTextField.swift */,
				9F288446E988CE0124570329 /* PopoverAnchor.swift */,
				B5A52843E961156954C45322 /* PopoverPanel.swift */,
				68024B3A70B6A090A9FB5402 /* PopoverWindow.swift */,
				94341795AFA74E278E3CD801 /* ScrollableTextView.swift */,
				9A8CE78E45821C6CDDC8E566 /* SearchBarView.swift */,
			);
			path = Popover;
			sourceTree = "<group>";
		};
		43B084EFD035D77681A0641F /* Migrations */ = {
			isa = PBXGroup;
			children = (
				7BBEC2A73E7B7B2B35517303 /* V1_InitialSchema.swift */,
				7C3D66D2F9D7F4C1B6D93FF2 /* V2_DedupSameBody.swift */,
				37B7B8E4905EACA02E1A82F2 /* V3_AddPinnedAt.swift */,
				A6577C41BC09D20FF8725437 /* V4_AddFilePathsJson.swift */,
			);
			path = Migrations;
			sourceTree = "<group>";
		};
		71A1EFE7D7769ED57F61EDC0 /* Services */ = {
			isa = PBXGroup;
			children = (
				7336885A313849C86D5F0AB5 /* ClipboardWatcherTests.swift */,
				908867B33C3EF7F04CA80A32 /* DirectFileClipServiceTests.swift */,
				E4883D42F250773707ADF23B /* HotkeyManagerTests.swift */,
				B923EDBE5786A27FC11377E1 /* HotkeyMonitorTests.swift */,
				4865C668F8676822D704D137 /* AppLanguageServiceTests.swift */,
				A81D4D0321EA1FC3A3ED81D7 /* LoginItemServiceTests.swift */,
				9E42B0E16548DA1FD287FEF0 /* NotificationServiceTests.swift */,
				5B78F79CEE361413E4605CB4 /* PasteServiceTests.swift */,
				C0BE4E161DA51CD1AA5CD2B9 /* PermissionServiceTests.swift */,
				0BAF1E0DC019B85638177245 /* SystemWrapperTests.swift */,
			);
			path = Services;
			sourceTree = "<group>";
		};
		73F36CB8CC0CD429F4B54D78 /* Protocols */ = {
			isa = PBXGroup;
			children = (
				897339333BC7339153B401FF /* AccessibilityPermissionChecker.swift */,
				41D48CC145A382F6D5F7FAD1 /* FileClipService.swift */,
				EFAF2294718B9FD29092DC46 /* FrontmostAppTracking.swift */,
				D45A2C65902CBAC074B1FB4E /* HotkeyRegistrar.swift */,
				82F37D44E2C3029E2174CAEE /* LoginItemRegistrar.swift */,
				379F6ECA97AD0E7655561FC7 /* NotificationCenter.swift */,
				8EF7D2146C3F52D86B84DBCA /* Pasteboard.swift */,
				F550679D6CEAF5533B2620A8 /* PasteSynthesizer.swift */,
			);
			path = Protocols;
			sourceTree = "<group>";
		};
		85FDE2E00C284E88C14251BF /* Settings */ = {
			isa = PBXGroup;
			children = (
				AE472B0FB7855E82A42A7F44 /* AboutTab.swift */,
				F58C5059A01A33A5DB1B7BE2 /* DisplayTab.swift */,
				3EF3D4FD25B50CFB057A8B27 /* GeneralTab.swift */,
				E29CD74FDC09A07723EC6380 /* HoverableSlider.swift */,
				D5D0C4997C9075B9B3B38044 /* HoverFillCardButton.swift */,
				CF539C88EFD0D036E8723AF0 /* PreferencesWindowController.swift */,
				30D3DAF16879D2F4C4019842 /* PrivacyTab.swift */,
				55F4D26A9D94C3359AEE95AF /* SettingsViewModel.swift */,
				5AB29F8BE38E85CEB0DC4E3F /* SettingsWindow.swift */,
				64CB621779FF8D98D7FAD107 /* ShortcutsTab.swift */,
			);
			path = Settings;
			sourceTree = "<group>";
		};
		8CE4937A3DC7D2852E3AC951 /* Settings */ = {
			isa = PBXGroup;
			children = (
				7393E99FED9F8F88FCBA97A9 /* AccentColorModeTests.swift */,
				202B99429C235C3BBF0965FD /* PopoverShortcutStoreDefaultsTests.swift */,
				922223BE72E292AA86875238 /* SettingsViewModelPopoverPositionTests.swift */,
				A853A709FB78E43A7D4FC03F /* SettingsViewModelTests.swift */,
			);
			path = Settings;
			sourceTree = "<group>";
		};
		8E9299F750784D8261AB5258 /* Models */ = {
			isa = PBXGroup;
			children = (
				BF515538B2714E20FDDBCC8B /* Clip.swift */,
				878BE4CF320C62C9013F4A81 /* ClipFileEntry.swift */,
				2BCFB927BC7FE94689FAA601 /* ClipType.swift */,
				0C91522719500FA76B373310 /* PasteMode.swift */,
				F39728CAE9AEC2C7DDAFB5B9 /* PermissionStatus.swift */,
				463D20EF401118A22A9151CF /* StashNotification.swift */,
				A017DCEBF0C30CE6B3DD8871 /* StoredFile.swift */,
			);
			path = Models;
			sourceTree = "<group>";
		};
		8EA73C4DE228EFF4EE4A7076 /* Services */ = {
			isa = PBXGroup;
			children = (
				E8F6CD60DBB5BBA7DE877DB0 /* AXPermissionChecker.swift */,
				DC71F8B2299A5468DA25ED97 /* CGEventPasteSynthesizer.swift */,
				9172C06297E8D0BA39D0A945 /* ClipboardWatcher.swift */,
				5B6618B1B107005F500E32AB /* DirectFileClipService.swift */,
				F46230D84C506CFB6C8FF1E5 /* FrontmostAppTracker.swift */,
				56C3EFAF7A26E7D738B789E8 /* HotkeyManager.swift */,
				15E134AE9193E2DD1F682B55 /* HotkeyMonitor.swift */,
				1E908DDD10A21E78579E39EF /* KeyboardShortcutsRegistrar.swift */,
				CD86E91725FC08801559F5BB /* AppLanguageService.swift */,
				C792B578930BE0A58B6662EB /* LoginItemService.swift */,
				8FB8D2E5A9C6027D6DE14A32 /* NotificationService.swift */,
				DD6CBE35FD72D968EEF91175 /* PasteService.swift */,
				BC60EF7B873B2BB39EB01BD9 /* PermissionService.swift */,
				6EFFEA3BA0BB94B320D24BA5 /* SMLoginItemRegistrar.swift */,
				3FB7C47C462D260CBAC144F0 /* SystemPasteboard.swift */,
				BB0BF56AE76BBD5260707B92 /* UNNotificationCenterImpl.swift */,
			);
			path = Services;
			sourceTree = "<group>";
		};
		91A73A62AB682EE284DC3A00 /* Logging */ = {
			isa = PBXGroup;
			children = (
				5633CEC1E9B5F2F316055DE4 /* Logger+Categories.swift */,
			);
			path = Logging;
			sourceTree = "<group>";
		};
		9306C35A4EF0155D7B978632 = {
			isa = PBXGroup;
			children = (
				E6A894B053FF2F283182A711 /* Sources */,
				DADB5D1FF6272935433A25EB /* Tests */,
				A4BAC5F4BEAE347E7058DF54 /* Products */,
			);
			sourceTree = "<group>";
		};
		A4BAC5F4BEAE347E7058DF54 /* Products */ = {
			isa = PBXGroup;
			children = (
				5C0B76F95F4B4B5EF23A085D /* stash.app */,
				3764D9ADC4CA9C1919481D15 /* StashTests.xctest */,
				C70D83608F40B32A700E40BF /* StashUITests.xctest */,
			);
			name = Products;
			sourceTree = "<group>";
		};
		AEBC1FD63CED7368ABB4369F /* Onboarding */ = {
			isa = PBXGroup;
			children = (
				4E29B7D4728DF6ECD9FC8C0C /* OnboardingViewModelTests.swift */,
			);
			path = Onboarding;
			sourceTree = "<group>";
		};
		B2BCCC82D9418B0FA4B13B1D /* Onboarding */ = {
			isa = PBXGroup;
			children = (
				F86D34F41FF0A275A2D4EE9D /* OnboardingPrimaryButton.swift */,
				9F4544552328E6B3EF5155EA /* OnboardingViewModel.swift */,
				303C11ECF3EB956EC63B27AC /* OnboardingWindow.swift */,
				DADE6BF4854D63A0C86C70AF /* PermissionStep.swift */,
				C114C8E0EE27FD4687599CB5 /* TutorialStep.swift */,
				1BD85BD91D8682814D2823A3 /* WelcomeStep.swift */,
			);
			path = Onboarding;
			sourceTree = "<group>";
		};
		C72C7F8A975CEF100E7CDC12 /* Popover */ = {
			isa = PBXGroup;
			children = (
				A2FBED82A359C44911F9B6FA /* ClipDetailDirectionTests.swift */,
				D0DC5A75B7A075F7613827CC /* ClipDetailProvidersTests.swift */,
				18D71DFF51AE21B371439BB0 /* ClipDetailProviderTests.swift */,
				924E5D4A5A4CD49089E96C1C /* ClipListHeightTests.swift */,
				05F86D5358B4E037D7447347 /* ClipMetaFooterFormatTests.swift */,
				18E8C3921DECC46E96B63533 /* ClipRowViewBadgeTextTests.swift */,
				7759FF45D27A254EF93BFD71 /* ClipRowViewHighlightTests.swift */,
				4C56146F5D3E8DA3ACA1491A /* ClipsViewModelClipDetailTests.swift */,
				99722D7E571E2EE4C5B4A937 /* ClipsViewModelPinPasteTests.swift */,
				04CCD837F00542D46EFC3AD7 /* ClipsViewModelPinSidebarHoverExitTests.swift */,
				A2D4DECFBFB72D8C30C654F7 /* ClipsViewModelResizeSyncTests.swift */,
				10537D5F27411AA8B43FCD5C /* ClipsViewModelTests.swift */,
				D5F6E7A89BC012D34567890F /* HoverTooltipControllerTests.swift */,
				66E22A3012CBFDCAB4A1325B /* KeyboardHintsViewTests.swift */,
				3CE81430772D73A904021906 /* PinSidebarHeightTests.swift */,
				84222FC42A1AF0C57D2BD3AD /* PopoverAnchorTests.swift */,
				C8929EF6C783F2E3B8BB0150 /* PopoverDragTests.swift */,
				BC1EC507344EB93C02DA1DB0 /* PopoverHotkeyTests.swift */,
				A3B102F4B10CEF166C7FD5DD /* PopoverPanelMaskedCornersTests.swift */,
				DF864CCA6AA1BAE871CAA97F /* PopoverResizeAutoFitTests.swift */,
				D331AF51AFBF492E59F7A26E /* PopoverResizeTests.swift */,
				87ADFB6223D52E81CAC6C7F4 /* PopoverWindowFirstResponderTests.swift */,
			);
			path = Popover;
			sourceTree = "<group>";
		};
		CEDA8ACD8577496265E203CE /* Theme */ = {
			isa = PBXGroup;
			children = (
				E98FBB4F17FD1447563685ED /* DesignTokens.swift */,
				1165FDD9A41E4E0DA4BAF6CF /* FlowLayout.swift */,
				C7FD1FD60882E1D5749E1D14 /* VisualEffectView.swift */,
			);
			path = Theme;
			sourceTree = "<group>";
		};
		D10231206270A57C2099DB08 /* UI */ = {
			isa = PBXGroup;
			children = (
				B606A223524B64CD1CDC0002 /* ToastKindTTLTests.swift */,
			);
			path = UI;
			sourceTree = "<group>";
		};
		D8DCF5061FACB3D5A33558D1 /* StashTests */ = {
			isa = PBXGroup;
			children = (
				557F3C45FCDA7298C9E97570 /* StashTests.swift */,
				E03D771B5F227261DAD77A16 /* Mocks */,
				AEBC1FD63CED7368ABB4369F /* Onboarding */,
				375F4B443F569D80BC4B7185 /* Persistence */,
				C72C7F8A975CEF100E7CDC12 /* Popover */,
				71A1EFE7D7769ED57F61EDC0 /* Services */,
				8CE4937A3DC7D2852E3AC951 /* Settings */,
				D10231206270A57C2099DB08 /* UI */,
			);
			path = StashTests;
			sourceTree = "<group>";
		};
		DADB5D1FF6272935433A25EB /* Tests */ = {
			isa = PBXGroup;
			children = (
				D8DCF5061FACB3D5A33558D1 /* StashTests */,
				37CA509D50BD4C4FBFAD9A22 /* StashUITests */,
			);
			path = Tests;
			sourceTree = "<group>";
		};
		E03D771B5F227261DAD77A16 /* Mocks */ = {
			isa = PBXGroup;
			children = (
				B31DB93533AEF858ED462945 /* InMemoryClipRepository.swift */,
				DD652E4F77C861DC978525BC /* MockFileClipService.swift */,
				2DD8201294C23DEA833C7D45 /* MockHotkeyRegistrar.swift */,
				66E89689F16DED962DF08C1D /* MockLoginItemRegistrar.swift */,
				19923362833B37310A4C6F15 /* MockNotificationCenter.swift */,
				583712D469E1F3ED4752F149 /* MockPasteboard.swift */,
				F58C73620DCDDFF2A079F78D /* MockPasteSynthesizer.swift */,
				7B2038279C8A1DDE0111627B /* MockPermissionChecker.swift */,
			);
			path = Mocks;
			sourceTree = "<group>";
		};
		E6A894B053FF2F283182A711 /* Sources */ = {
			isa = PBXGroup;
			children = (
				FB614266F1DA37CF3652F16B /* App */,
				08DE934FDB2884AF8B381CC7 /* Errors */,
				91A73A62AB682EE284DC3A00 /* Logging */,
				8E9299F750784D8261AB5258 /* Models */,
				23F9C0474CFA245F4D6BB854 /* Persistence */,
				73F36CB8CC0CD429F4B54D78 /* Protocols */,
				2743EC14439F60C5CA031FC0 /* Resources */,
				8EA73C4DE228EFF4EE4A7076 /* Services */,
				3131B8583E8514AF12298E44 /* UI */,
			);
			path = Sources;
			sourceTree = "<group>";
		};
		FB614266F1DA37CF3652F16B /* App */ = {
			isa = PBXGroup;
			children = (
				CD0B8182EC92FA88FE38E3C0 /* Constants.swift */,
				53B7FFADB5CCE0F0F538816F /* PermissionToastNotifier.swift */,
				B51675DBE82CD8A70455CBC7 /* StashApp.swift */,
				580D957DE5CA9A1270685B64 /* L10n.swift */,
				751A7A0CB094605AA22D5832 /* StatusItemController.swift */,
			);
			path = App;
			sourceTree = "<group>";
		};
/* End PBXGroup section */

/* Begin PBXNativeTarget section */
		192B83053DEBFC968F4CE457 /* StashUITests */ = {
			isa = PBXNativeTarget;
			buildConfigurationList = FCB761ECBDF0E7BB53AF12A2 /* Build configuration list for PBXNativeTarget "StashUITests" */;
			buildPhases = (
				5E3FEB1F30BBFF0E09F598E8 /* Sources */,
			);
			buildRules = (
			);
			dependencies = (
				CA03F51872777B39C56D60A4 /* PBXTargetDependency */,
			);
			name = StashUITests;
			packageProductDependencies = (
			);
			productName = StashUITests;
			productReference = C70D83608F40B32A700E40BF /* StashUITests.xctest */;
			productType = "com.apple.product-type.bundle.ui-testing";
		};
		A558ECE1CB83CFFAEFAB6C61 /* stash */ = {
			isa = PBXNativeTarget;
			buildConfigurationList = 2B2F4332CEE7CFB1CCB7DEF5 /* Build configuration list for PBXNativeTarget "stash" */;
			buildPhases = (
				5736D298F67EF52FA2A2BCD3 /* Sources */,
				DD74EEDA429ADD32AA761B69 /* Resources */,
				BD9F39C8838D709B402B020A /* Frameworks */,
			);
			buildRules = (
			);
			dependencies = (
			);
			name = stash;
			packageProductDependencies = (
				4585E0795E3DF36473FB5ECA /* KeyboardShortcuts */,
				D01AE64D660FD429BC921CB4 /* GRDB */,
			);
			productName = stash;
			productReference = 5C0B76F95F4B4B5EF23A085D /* stash.app */;
			productType = "com.apple.product-type.application";
		};
		D3D0DA3E08F93866F0B5EED5 /* StashTests */ = {
			isa = PBXNativeTarget;
			buildConfigurationList = F674BF4A94B19B1C022A575C /* Build configuration list for PBXNativeTarget "StashTests" */;
			buildPhases = (
				6C5E00D55518B59E93CE37FD /* Sources */,
				FA1604F5CB98A3E64C8BE3BD /* Frameworks */,
			);
			buildRules = (
			);
			dependencies = (
				66B0B50B0F0A24F3C0E9FCCC /* PBXTargetDependency */,
			);
			name = StashTests;
			packageProductDependencies = (
				89A83E894ACDADE82ACD6570 /* GRDB */,
			);
			productName = StashTests;
			productReference = 3764D9ADC4CA9C1919481D15 /* StashTests.xctest */;
			productType = "com.apple.product-type.bundle.unit-test";
		};
/* End PBXNativeTarget section */

/* Begin PBXProject section */
		88A960354FABA4B7EA2F7DAD /* Project object */ = {
			isa = PBXProject;
			attributes = {
				BuildIndependentTargetsInParallel = YES;
				LastUpgradeCheck = 1600;
				TargetAttributes = {
					192B83053DEBFC968F4CE457 = {
						TestTargetID = A558ECE1CB83CFFAEFAB6C61;
					};
				};
			};
			buildConfigurationList = 84CE25C8E639E9DFEA28EF2A /* Build configuration list for PBXProject "stash" */;
			developmentRegion = en;
			hasScannedForEncodings = 0;
			knownRegions = (
				Base,
				en,
				ko,
			);
			mainGroup = 9306C35A4EF0155D7B978632;
			minimizedProjectReferenceProxies = 1;
			packageReferences = (
				CB76F3305EA7B20EF7ACF093 /* XCRemoteSwiftPackageReference "GRDB.swift" */,
				BC35102728570EFDEA741514 /* XCRemoteSwiftPackageReference "KeyboardShortcuts" */,
			);
			preferredProjectObjectVersion = 77;
			productRefGroup = A4BAC5F4BEAE347E7058DF54 /* Products */;
			projectDirPath = "";
			projectRoot = "";
			targets = (
				D3D0DA3E08F93866F0B5EED5 /* StashTests */,
				192B83053DEBFC968F4CE457 /* StashUITests */,
				A558ECE1CB83CFFAEFAB6C61 /* stash */,
			);
		};
/* End PBXProject section */

/* Begin PBXResourcesBuildPhase section */
		DD74EEDA429ADD32AA761B69 /* Resources */ = {
			isa = PBXResourcesBuildPhase;
			buildActionMask = 2147483647;
			files = (
				A9051CD8C8F424B5D223D1AB /* Assets.xcassets in Resources */,
				9BF65CD5AA23A4DC31E850C2 /* Localizable.xcstrings in Resources */,
			);
			runOnlyForDeploymentPostprocessing = 0;
		};
/* End PBXResourcesBuildPhase section */

/* Begin PBXSourcesBuildPhase section */
		5736D298F67EF52FA2A2BCD3 /* Sources */ = {
			isa = PBXSourcesBuildPhase;
			buildActionMask = 2147483647;
			files = (
				48265BA2ABCE8380BC068446 /* AXPermissionChecker.swift in Sources */,
				A17D47FD5990831B39B0D417 /* AboutTab.swift in Sources */,
				724F8EA0004E3ECBC8B2D8BE /* AccessibilityPermissionChecker.swift in Sources */,
				084477DD69A1717DF69AECFA /* AppDataPath.swift in Sources */,
				08ECEE3E40A2B4F860DBE582 /* CGEventPasteSynthesizer.swift in Sources */,
				3248A6FA6E90FEAA7DBFDDFC /* Clip.swift in Sources */,
				3D771B564BE15F93C44F9AC3 /* ClipDetailDirection.swift in Sources */,
				187A77C04DEFA3D6409ED544 /* ClipDetailPanelView.swift in Sources */,
				542F66953A81AA8ECA9EF7EE /* ClipDetailProvider.swift in Sources */,
				302DA55DA58FBE3854A524E6 /* ClipFileEntry.swift in Sources */,
				BA937B228044131CE612EA3B /* ClipMetaFooterView.swift in Sources */,
				88E943BD0312700E5FE4B175 /* ClipRepository.swift in Sources */,
				1E7C36D514E03CF7AD9A5B2C /* ClipRowView.swift in Sources */,
				11CB3AAC93A13C202E5D4713 /* ClipType.swift in Sources */,
				BCBB3792E11923E82CACD6C1 /* ClipboardError.swift in Sources */,
				5449B9745FE5CC876BE26312 /* ClipboardWatcher.swift in Sources */,
				E42D7AA581F3313A062068F4 /* ClipsViewModel.swift in Sources */,
				71AF0770C533518335EBAABA /* Constants.swift in Sources */,
				0DA999332D8650666138EF36 /* DatabaseError.swift in Sources */,
				90725EAA55BE570DD4ECD30B /* DesignTokens.swift in Sources */,
				8A81FFAB4E9F8DD56F534CE4 /* DirectFileClipService.swift in Sources */,
				C5F0A3EF48AC1EFB7F4802C9 /* DisplayTab.swift in Sources */,
				9D50F84A474877E53EE26A1D /* FileClipService.swift in Sources */,
				A8B8E70620D97DD4397381FD /* FlowLayout.swift in Sources */,
				3EDB733AD807B660D4717334 /* FocusZone.swift in Sources */,
				584FBFA84188B968C22F28C9 /* FrontmostAppTracker.swift in Sources */,
				7BAC045A31A050B6C066B03C /* FrontmostAppTracking.swift in Sources */,
				89822F67D27754E1FC32D193 /* GRDBClipRepository.swift in Sources */,
				B2E1ECFF4B7315DA2E05F011 /* GeneralTab.swift in Sources */,
				4C9B199FD17AA6A2B37C7CAD /* HistoryPopover.swift in Sources */,
				F5088FB23DCC026C869370A7 /* HotkeyManager.swift in Sources */,
				F382DD5BCC65DB90ABC02074 /* HotkeyMonitor.swift in Sources */,
				32E9CC4D329DCBF07C2E84D9 /* HotkeyRegistrar.swift in Sources */,
				DCF0A2C6A327FDF70436CDF0 /* HoverFillCardButton.swift in Sources */,
				FCAAE7BD62B40CF24B958421 /* HoverableSlider.swift in Sources */,
				3B8A0E0BDAC35859AFDC41B8 /* KeyCapView.swift in Sources */,
				CD9A5150FF7E0D76BBD9080D /* KeyablePanel.swift in Sources */,
				069F8DE7B411B0DDADA3F5D3 /* KeyboardHintsView.swift in Sources */,
				B27FAC7FD17D31C127F9E96A /* KeyboardShortcutsRegistrar.swift in Sources */,
				061F0A4D385DAFAD8B78FE20 /* Logger+Categories.swift in Sources */,
				90E9056930218671C39F97F9 /* LoginItemRegistrar.swift in Sources */,
				E651828283704026D7B169E2 /* AppLanguageService.swift in Sources */,
				F79BE03457BFB366C85677B6 /* LoginItemService.swift in Sources */,
				72463C79D705CFBD0713D08C /* NotificationCenter.swift in Sources */,
				CE4E592E49B9B0DDFA3801C3 /* NotificationService.swift in Sources */,
				79EE3FC30A6ADFDBE0B3F3B9 /* OnboardingPrimaryButton.swift in Sources */,
				F97D973E9F52CFBF2DA63F3D /* OnboardingViewModel.swift in Sources */,
				FFF2F830A12B4074EC47843E /* OnboardingWindow.swift in Sources */,
				AEB01622102EBA385A3F4779 /* PasteError.swift in Sources */,
				BAC9E1C25BA70982A8E01256 /* PasteMode.swift in Sources */,
				E2C9B2A099529EA446368C04 /* PasteService.swift in Sources */,
				F4BD0BFCA871A6130318363C /* PasteSynthesizer.swift in Sources */,
				11778AE91B463DCB6853667D /* Pasteboard.swift in Sources */,
				4ADA8D20C0D12EDEAAE39746 /* PermissionError.swift in Sources */,
				2ABF903E87B2F72810F07CAE /* PermissionService.swift in Sources */,
				10C22A53AA58557C7D390FDC /* PermissionStatus.swift in Sources */,
				6DBA7441BFAC6D8322F2D04D /* PermissionStep.swift in Sources */,
				D2D9EC2BD4302203DC9FC6A8 /* PermissionToastNotifier.swift in Sources */,
				B640B3E8037D4D4C3738CBD9 /* PinSidebarView.swift in Sources */,
				B79A1B23C45D6789E0F12345 /* HoverTooltip.swift in Sources */,
				4E08A08994CC2F2CBBD582BD /* PlainNSTextField.swift in Sources */,
				4575F4E749C61ECEAE213F06 /* PopoverAnchor.swift in Sources */,
				3857B7103C74EC8CA7397168 /* PopoverPanel.swift in Sources */,
				FCFDF16441483CA979876223 /* PopoverWindow.swift in Sources */,
				FC40E4B90B8CD481EA673185 /* PreferencesWindowController.swift in Sources */,
				4AB55E7FE9D73BCA49388FAB /* PrivacyTab.swift in Sources */,
				CB7AF23C569A4635848D9E74 /* ScrollableTextView.swift in Sources */,
				835F6FE3B1AA9EA3A1C6DA5B /* SMLoginItemRegistrar.swift in Sources */,
				4955BFFEA859CB9FB338884A /* SearchBarView.swift in Sources */,
				EBE9555266A27592751DC6CB /* SettingsViewModel.swift in Sources */,
				479681CD58A8E3309D90035B /* SettingsWindow.swift in Sources */,
				B40725A415049D5FD523C8BF /* ShortcutsTab.swift in Sources */,
				0C3710CC88A74859DFA25B04 /* StashApp.swift in Sources */,
				3A5E72FC2D14FE574E376F8C /* L10n.swift in Sources */,
				AEA744FA858E1B2FF6D0ECDE /* StashNotification.swift in Sources */,
				8A200B6C7E80CB94F02E537D /* StatusItemController.swift in Sources */,
				EEA0773400A79F521BE82257 /* StoredFile.swift in Sources */,
				57E5D2A635DFB7430F46BB7A /* SystemPasteboard.swift in Sources */,
				0457687AE2177245E6CDD9AF /* ToastView.swift in Sources */,
				C76DC45858A556435C206A04 /* ToastWindow.swift in Sources */,
				E7EF38DD46F3B757DC9F3C23 /* TutorialStep.swift in Sources */,
				E41683EA86744D9C9E364D71 /* UNNotificationCenterImpl.swift in Sources */,
				48D7FE31707F59FB754E4233 /* V1_InitialSchema.swift in Sources */,
				2EE4B8ED0B9559538CA26771 /* V2_DedupSameBody.swift in Sources */,
				E76EFF60E82E41DF30661863 /* V3_AddPinnedAt.swift in Sources */,
				42615EAF8E2256DBC5E2B094 /* V4_AddFilePathsJson.swift in Sources */,
				7B523209C391078FB715994F /* VisualEffectView.swift in Sources */,
				C2A67641484C9AAC8048802B /* WelcomeStep.swift in Sources */,
			);
			runOnlyForDeploymentPostprocessing = 0;
		};
		5E3FEB1F30BBFF0E09F598E8 /* Sources */ = {
			isa = PBXSourcesBuildPhase;
			buildActionMask = 2147483647;
			files = (
				0A98541EACD6F54B53981200 /* StashUITests.swift in Sources */,
			);
			runOnlyForDeploymentPostprocessing = 0;
		};
		6C5E00D55518B59E93CE37FD /* Sources */ = {
			isa = PBXSourcesBuildPhase;
			buildActionMask = 2147483647;
			files = (
				B133FB29F2DE2D13E8CC592D /* AccentColorModeTests.swift in Sources */,
				EBF9920B710E000EB6728795 /* ClipDetailDirectionTests.swift in Sources */,
				8A66C94AE89B79B13BC72E00 /* ClipDetailProviderTests.swift in Sources */,
				8BFBD0BC6D0008EE082F2BF3 /* ClipDetailProvidersTests.swift in Sources */,
				AA2F09B80048018F8756B4F1 /* ClipFixture.swift in Sources */,
				54311EF5B9EACD5F37DECB3D /* ClipListHeightTests.swift in Sources */,
				6ED1FACD4C3BBAA4B3E69460 /* ClipMetaFooterFormatTests.swift in Sources */,
				F93A02FE0B5E02BB035FF4A4 /* ClipRowViewBadgeTextTests.swift in Sources */,
				3893E04B2D35E07792DECF6E /* ClipRowViewHighlightTests.swift in Sources */,
				E18894660142EA2F52041433 /* ClipboardWatcherTests.swift in Sources */,
				CA09160460A13BDDA5C4F566 /* ClipsViewModelClipDetailTests.swift in Sources */,
				10B953D207BE07C0BCDE8312 /* ClipsViewModelPinPasteTests.swift in Sources */,
				C583FB91213DEC0AE9611353 /* ClipsViewModelPinSidebarHoverExitTests.swift in Sources */,
				60BF919868BB1145328CB7D1 /* ClipsViewModelResizeSyncTests.swift in Sources */,
				62F7992F5C66EE8C42F91320 /* ClipsViewModelTests.swift in Sources */,
				A52D8A0683470D93662E68E7 /* DirectFileClipServiceTests.swift in Sources */,
				D2DD536A6E5FCE5F73FE0404 /* GRDBClipRepositoryTests.swift in Sources */,
				8E3A1D3E9FE4CFA879601A2B /* HotkeyManagerTests.swift in Sources */,
				84851E764809550BD1D5B4E3 /* HotkeyMonitorTests.swift in Sources */,
				D7B43B1D4C83DD0D60E97F42 /* InMemoryClipRepository.swift in Sources */,
				1DE109826B028D359CE01146 /* InMemoryClipRepositoryTests.swift in Sources */,
				939CE1B07346CA8E792FE14A /* KeyboardHintsViewTests.swift in Sources */,
				A4E5F6B789C012D34567890E /* HoverTooltipControllerTests.swift in Sources */,
				F204BFCFF86A22D975E2ABEC /* AppLanguageServiceTests.swift in Sources */,
				42E07A1BC12252DE8CCD0A78 /* LoginItemServiceTests.swift in Sources */,
				566AB976E56EFC855715420C /* MockFileClipService.swift in Sources */,
				2264E02173A4268697E04849 /* MockHotkeyRegistrar.swift in Sources */,
				8069E88977094C5967679524 /* MockLoginItemRegistrar.swift in Sources */,
				A87CA74854FDFC9DA007C3C9 /* MockNotificationCenter.swift in Sources */,
				AC31FE35B58211197D6B85C1 /* MockPasteSynthesizer.swift in Sources */,
				26781DFB5698CDE637621A4C /* MockPasteboard.swift in Sources */,
				4856CC89A1A5DF5F61C84CB3 /* MockPermissionChecker.swift in Sources */,
				0E0C5CD3F33D0CB85A99D2B6 /* MultiFileClipModelTests.swift in Sources */,
				7C90A0BFC95D4E6B6985A6BC /* NotificationServiceTests.swift in Sources */,
				E2E2A5872E59DB52C709469B /* OnboardingViewModelTests.swift in Sources */,
				5752F24D713EAD2073B400B0 /* PasteServiceTests.swift in Sources */,
				F30A06D12BFA6ACD99080BEC /* PermissionServiceTests.swift in Sources */,
				B20C0B3764BA11E1C693C9EF /* PinSidebarHeightTests.swift in Sources */,
				BCFFC8ECD68A5E60AAC89024 /* PopoverAnchorTests.swift in Sources */,
				E37FFBA52B48BEC193188C48 /* PopoverDragTests.swift in Sources */,
				AEC85CC1FAB99CF5BB37353C /* PopoverHotkeyTests.swift in Sources */,
				B3C8AD19ED78CE098BA384A2 /* PopoverPanelMaskedCornersTests.swift in Sources */,
				8F14EC9968688BAC4321D98F /* PopoverResizeAutoFitTests.swift in Sources */,
				17070A155516ABBC703B5269 /* PopoverResizeTests.swift in Sources */,
				2DD7B7F254F6213889625F42 /* PopoverShortcutStoreDefaultsTests.swift in Sources */,
				5377E8AB49CD565122FE785F /* PopoverWindowFirstResponderTests.swift in Sources */,
				5A1A785A6D9339BF561AF592 /* SettingsViewModelPopoverPositionTests.swift in Sources */,
				BD2F77974D0E0EEB95A9F40D /* SettingsViewModelTests.swift in Sources */,
				F799790502EC1746149B6631 /* StashTests.swift in Sources */,
				052EDE64F4FE003F70E14BA9 /* SystemWrapperTests.swift in Sources */,
				9FD5A881D41B4EC189D370AE /* ToastKindTTLTests.swift in Sources */,
			);
			runOnlyForDeploymentPostprocessing = 0;
		};
/* End PBXSourcesBuildPhase section */

/* Begin PBXTargetDependency section */
		66B0B50B0F0A24F3C0E9FCCC /* PBXTargetDependency */ = {
			isa = PBXTargetDependency;
			target = A558ECE1CB83CFFAEFAB6C61 /* stash */;
			targetProxy = D572151D83599511C20F2A62 /* PBXContainerItemProxy */;
		};
		CA03F51872777B39C56D60A4 /* PBXTargetDependency */ = {
			isa = PBXTargetDependency;
			target = A558ECE1CB83CFFAEFAB6C61 /* stash */;
			targetProxy = B82F6E163E23842D870400B2 /* PBXContainerItemProxy */;
		};
/* End PBXTargetDependency section */

/* Begin XCBuildConfiguration section */
		1104645EA5C378A2A62F6684 /* Release */ = {
			isa = XCBuildConfiguration;
			buildSettings = {
				ALWAYS_SEARCH_USER_PATHS = NO;
				CLANG_ANALYZER_NONNULL = YES;
				CLANG_ANALYZER_NUMBER_OBJECT_CONVERSION = YES_AGGRESSIVE;
				CLANG_CXX_LANGUAGE_STANDARD = "gnu++14";
				CLANG_CXX_LIBRARY = "libc++";
				CLANG_ENABLE_MODULES = YES;
				CLANG_ENABLE_OBJC_ARC = YES;
				CLANG_ENABLE_OBJC_WEAK = YES;
				CLANG_WARN_BLOCK_CAPTURE_AUTORELEASING = YES;
				CLANG_WARN_BOOL_CONVERSION = YES;
				CLANG_WARN_COMMA = YES;
				CLANG_WARN_CONSTANT_CONVERSION = YES;
				CLANG_WARN_DEPRECATED_OBJC_IMPLEMENTATIONS = YES;
				CLANG_WARN_DIRECT_OBJC_ISA_USAGE = YES_ERROR;
				CLANG_WARN_DOCUMENTATION_COMMENTS = YES;
				CLANG_WARN_EMPTY_BODY = YES;
				CLANG_WARN_ENUM_CONVERSION = YES;
				CLANG_WARN_INFINITE_RECURSION = YES;
				CLANG_WARN_INT_CONVERSION = YES;
				CLANG_WARN_NON_LITERAL_NULL_CONVERSION = YES;
				CLANG_WARN_OBJC_IMPLICIT_RETAIN_SELF = YES;
				CLANG_WARN_OBJC_LITERAL_CONVERSION = YES;
				CLANG_WARN_OBJC_ROOT_CLASS = YES_ERROR;
				CLANG_WARN_QUOTED_INCLUDE_IN_FRAMEWORK_HEADER = YES;
				CLANG_WARN_RANGE_LOOP_ANALYSIS = YES;
				CLANG_WARN_STRICT_PROTOTYPES = YES;
				CLANG_WARN_SUSPICIOUS_MOVE = YES;
				CLANG_WARN_UNGUARDED_AVAILABILITY = YES_AGGRESSIVE;
				CLANG_WARN_UNREACHABLE_CODE = YES;
				CLANG_WARN__DUPLICATE_METHOD_MATCH = YES;
				COPY_PHASE_STRIP = NO;
				DEBUG_INFORMATION_FORMAT = "dwarf-with-dsym";
				ENABLE_APP_SANDBOX = NO;
				ENABLE_NS_ASSERTIONS = NO;
				ENABLE_STRICT_OBJC_MSGSEND = YES;
				GCC_C_LANGUAGE_STANDARD = gnu11;
				GCC_NO_COMMON_BLOCKS = YES;
				GCC_WARN_64_TO_32_BIT_CONVERSION = YES;
				GCC_WARN_ABOUT_RETURN_TYPE = YES_ERROR;
				GCC_WARN_UNDECLARED_SELECTOR = YES;
				GCC_WARN_UNINITIALIZED_AUTOS = YES_AGGRESSIVE;
				GCC_WARN_UNUSED_FUNCTION = YES;
				GCC_WARN_UNUSED_VARIABLE = YES;
				MACOSX_DEPLOYMENT_TARGET = 14.0;
				MTL_ENABLE_DEBUG_INFO = NO;
				MTL_FAST_MATH = YES;
				PRODUCT_NAME = "$(TARGET_NAME)";
				SDKROOT = macosx;
				SWIFT_COMPILATION_MODE = wholemodule;
				SWIFT_OPTIMIZATION_LEVEL = "-O";
				SWIFT_VERSION = 6.0;
			};
			name = Release;
		};
		1DF3D96AE62746F0F6B01420 /* Debug */ = {
			isa = XCBuildConfiguration;
			buildSettings = {
				BUNDLE_LOADER = "$(TEST_HOST)";
				COMBINE_HIDPI_IMAGES = YES;
				GENERATE_INFOPLIST_FILE = YES;
				LD_RUNPATH_SEARCH_PATHS = (
					"$(inherited)",
					"@executable_path/Frameworks",
					"@loader_path/Frameworks",
				);
				MACOSX_DEPLOYMENT_TARGET = 14.0;
				PRODUCT_BUNDLE_IDENTIFIER = com.angar2.StashUITests;
				SDKROOT = macosx;
				SWIFT_VERSION = 6.0;
				TEST_TARGET_NAME = stash;
			};
			name = Debug;
		};
		31EC4DBF6011C1460DEA7CA0 /* Debug */ = {
			isa = XCBuildConfiguration;
			buildSettings = {
				BUNDLE_LOADER = "$(TEST_HOST)";
				COMBINE_HIDPI_IMAGES = YES;
				GENERATE_INFOPLIST_FILE = YES;
				LD_RUNPATH_SEARCH_PATHS = (
					"$(inherited)",
					"@executable_path/../Frameworks",
					"@loader_path/../Frameworks",
				);
				MACOSX_DEPLOYMENT_TARGET = 14.0;
				PRODUCT_BUNDLE_IDENTIFIER = com.angar2.StashTests;
				SDKROOT = macosx;
				SWIFT_VERSION = 6.0;
				TEST_HOST = "$(BUILT_PRODUCTS_DIR)/Stash.app/Contents/MacOS/Stash";
			};
			name = Debug;
		};
		41C0AF0F302CCD8CBDAD5137 /* Release */ = {
			isa = XCBuildConfiguration;
			buildSettings = {
				ASSETCATALOG_COMPILER_APPICON_NAME = AppIcon;
				COMBINE_HIDPI_IMAGES = YES;
				ENABLE_PREVIEWS = NO;
				GENERATE_INFOPLIST_FILE = NO;
				INFOPLIST_FILE = Sources/Resources/Info.plist;
				LD_RUNPATH_SEARCH_PATHS = (
					"$(inherited)",
					"@executable_path/../Frameworks",
				);
				MACOSX_DEPLOYMENT_TARGET = 14.0;
				PRODUCT_BUNDLE_IDENTIFIER = com.angar2.stash;
				PRODUCT_MODULE_NAME = stash;
				PRODUCT_NAME = Stash;
				SDKROOT = macosx;
				SWIFT_VERSION = 6.0;
			};
			name = Release;
		};
		7A8D4E6579318C7EBD97A9AF /* Release */ = {
			isa = XCBuildConfiguration;
			buildSettings = {
				BUNDLE_LOADER = "$(TEST_HOST)";
				COMBINE_HIDPI_IMAGES = YES;
				GENERATE_INFOPLIST_FILE = YES;
				LD_RUNPATH_SEARCH_PATHS = (
					"$(inherited)",
					"@executable_path/../Frameworks",
					"@loader_path/../Frameworks",
				);
				MACOSX_DEPLOYMENT_TARGET = 14.0;
				PRODUCT_BUNDLE_IDENTIFIER = com.angar2.StashTests;
				SDKROOT = macosx;
				SWIFT_VERSION = 6.0;
				TEST_HOST = "$(BUILT_PRODUCTS_DIR)/Stash.app/Contents/MacOS/Stash";
			};
			name = Release;
		};
		B15095C35BFCE7B2A828BFE8 /* Debug */ = {
			isa = XCBuildConfiguration;
			buildSettings = {
				ALWAYS_SEARCH_USER_PATHS = NO;
				CLANG_ANALYZER_NONNULL = YES;
				CLANG_ANALYZER_NUMBER_OBJECT_CONVERSION = YES_AGGRESSIVE;
				CLANG_CXX_LANGUAGE_STANDARD = "gnu++14";
				CLANG_CXX_LIBRARY = "libc++";
				CLANG_ENABLE_MODULES = YES;
				CLANG_ENABLE_OBJC_ARC = YES;
				CLANG_ENABLE_OBJC_WEAK = YES;
				CLANG_WARN_BLOCK_CAPTURE_AUTORELEASING = YES;
				CLANG_WARN_BOOL_CONVERSION = YES;
				CLANG_WARN_COMMA = YES;
				CLANG_WARN_CONSTANT_CONVERSION = YES;
				CLANG_WARN_DEPRECATED_OBJC_IMPLEMENTATIONS = YES;
				CLANG_WARN_DIRECT_OBJC_ISA_USAGE = YES_ERROR;
				CLANG_WARN_DOCUMENTATION_COMMENTS = YES;
				CLANG_WARN_EMPTY_BODY = YES;
				CLANG_WARN_ENUM_CONVERSION = YES;
				CLANG_WARN_INFINITE_RECURSION = YES;
				CLANG_WARN_INT_CONVERSION = YES;
				CLANG_WARN_NON_LITERAL_NULL_CONVERSION = YES;
				CLANG_WARN_OBJC_IMPLICIT_RETAIN_SELF = YES;
				CLANG_WARN_OBJC_LITERAL_CONVERSION = YES;
				CLANG_WARN_OBJC_ROOT_CLASS = YES_ERROR;
				CLANG_WARN_QUOTED_INCLUDE_IN_FRAMEWORK_HEADER = YES;
				CLANG_WARN_RANGE_LOOP_ANALYSIS = YES;
				CLANG_WARN_STRICT_PROTOTYPES = YES;
				CLANG_WARN_SUSPICIOUS_MOVE = YES;
				CLANG_WARN_UNGUARDED_AVAILABILITY = YES_AGGRESSIVE;
				CLANG_WARN_UNREACHABLE_CODE = YES;
				CLANG_WARN__DUPLICATE_METHOD_MATCH = YES;
				COPY_PHASE_STRIP = NO;
				DEBUG_INFORMATION_FORMAT = "dwarf-with-dsym";
				ENABLE_APP_SANDBOX = NO;
				ENABLE_STRICT_OBJC_MSGSEND = YES;
				ENABLE_TESTABILITY = YES;
				GCC_C_LANGUAGE_STANDARD = gnu11;
				GCC_DYNAMIC_NO_PIC = NO;
				GCC_NO_COMMON_BLOCKS = YES;
				GCC_OPTIMIZATION_LEVEL = 0;
				GCC_PREPROCESSOR_DEFINITIONS = (
					"$(inherited)",
					"DEBUG=1",
				);
				GCC_WARN_64_TO_32_BIT_CONVERSION = YES;
				GCC_WARN_ABOUT_RETURN_TYPE = YES_ERROR;
				GCC_WARN_UNDECLARED_SELECTOR = YES;
				GCC_WARN_UNINITIALIZED_AUTOS = YES_AGGRESSIVE;
				GCC_WARN_UNUSED_FUNCTION = YES;
				GCC_WARN_UNUSED_VARIABLE = YES;
				MACOSX_DEPLOYMENT_TARGET = 14.0;
				MTL_ENABLE_DEBUG_INFO = INCLUDE_SOURCE;
				MTL_FAST_MATH = YES;
				ONLY_ACTIVE_ARCH = YES;
				PRODUCT_NAME = "$(TARGET_NAME)";
				SDKROOT = macosx;
				SWIFT_ACTIVE_COMPILATION_CONDITIONS = DEBUG;
				SWIFT_OPTIMIZATION_LEVEL = "-Onone";
				SWIFT_VERSION = 6.0;
			};
			name = Debug;
		};
		CBAAB86232CEFD5D8B1F20A7 /* Debug */ = {
			isa = XCBuildConfiguration;
			buildSettings = {
				ASSETCATALOG_COMPILER_APPICON_NAME = AppIcon;
				COMBINE_HIDPI_IMAGES = YES;
				ENABLE_PREVIEWS = NO;
				GENERATE_INFOPLIST_FILE = NO;
				INFOPLIST_FILE = Sources/Resources/Info.plist;
				LD_RUNPATH_SEARCH_PATHS = (
					"$(inherited)",
					"@executable_path/../Frameworks",
				);
				MACOSX_DEPLOYMENT_TARGET = 14.0;
				PRODUCT_BUNDLE_IDENTIFIER = com.angar2.stash;
				PRODUCT_MODULE_NAME = stash;
				PRODUCT_NAME = Stash;
				SDKROOT = macosx;
				SWIFT_VERSION = 6.0;
			};
			name = Debug;
		};
		D0EC57FEB3D8B35C464E8801 /* Release */ = {
			isa = XCBuildConfiguration;
			buildSettings = {
				BUNDLE_LOADER = "$(TEST_HOST)";
				COMBINE_HIDPI_IMAGES = YES;
				GENERATE_INFOPLIST_FILE = YES;
				LD_RUNPATH_SEARCH_PATHS = (
					"$(inherited)",
					"@executable_path/Frameworks",
					"@loader_path/Frameworks",
				);
				MACOSX_DEPLOYMENT_TARGET = 14.0;
				PRODUCT_BUNDLE_IDENTIFIER = com.angar2.StashUITests;
				SDKROOT = macosx;
				SWIFT_VERSION = 6.0;
				TEST_TARGET_NAME = stash;
			};
			name = Release;
		};
/* End XCBuildConfiguration section */

/* Begin XCConfigurationList section */
		2B2F4332CEE7CFB1CCB7DEF5 /* Build configuration list for PBXNativeTarget "stash" */ = {
			isa = XCConfigurationList;
			buildConfigurations = (
				CBAAB86232CEFD5D8B1F20A7 /* Debug */,
				41C0AF0F302CCD8CBDAD5137 /* Release */,
			);
			defaultConfigurationIsVisible = 0;
			defaultConfigurationName = Debug;
		};
		84CE25C8E639E9DFEA28EF2A /* Build configuration list for PBXProject "stash" */ = {
			isa = XCConfigurationList;
			buildConfigurations = (
				B15095C35BFCE7B2A828BFE8 /* Debug */,
				1104645EA5C378A2A62F6684 /* Release */,
			);
			defaultConfigurationIsVisible = 0;
			defaultConfigurationName = Debug;
		};
		F674BF4A94B19B1C022A575C /* Build configuration list for PBXNativeTarget "StashTests" */ = {
			isa = XCConfigurationList;
			buildConfigurations = (
				31EC4DBF6011C1460DEA7CA0 /* Debug */,
				7A8D4E6579318C7EBD97A9AF /* Release */,
			);
			defaultConfigurationIsVisible = 0;
			defaultConfigurationName = Debug;
		};
		FCB761ECBDF0E7BB53AF12A2 /* Build configuration list for PBXNativeTarget "StashUITests" */ = {
			isa = XCConfigurationList;
			buildConfigurations = (
				1DF3D96AE62746F0F6B01420 /* Debug */,
				D0EC57FEB3D8B35C464E8801 /* Release */,
			);
			defaultConfigurationIsVisible = 0;
			defaultConfigurationName = Debug;
		};
/* End XCConfigurationList section */

/* Begin XCRemoteSwiftPackageReference section */
		BC35102728570EFDEA741514 /* XCRemoteSwiftPackageReference "KeyboardShortcuts" */ = {
			isa = XCRemoteSwiftPackageReference;
			repositoryURL = "https://github.com/sindresorhus/KeyboardShortcuts";
			requirement = {
				kind = upToNextMajorVersion;
				minimumVersion = 2.0.0;
			};
		};
		CB76F3305EA7B20EF7ACF093 /* XCRemoteSwiftPackageReference "GRDB.swift" */ = {
			isa = XCRemoteSwiftPackageReference;
			repositoryURL = "https://github.com/groue/GRDB.swift";
			requirement = {
				kind = upToNextMajorVersion;
				minimumVersion = 7.0.0;
			};
		};
/* End XCRemoteSwiftPackageReference section */

/* Begin XCSwiftPackageProductDependency section */
		4585E0795E3DF36473FB5ECA /* KeyboardShortcuts */ = {
			isa = XCSwiftPackageProductDependency;
			package = BC35102728570EFDEA741514 /* XCRemoteSwiftPackageReference "KeyboardShortcuts" */;
			productName = KeyboardShortcuts;
		};
		89A83E894ACDADE82ACD6570 /* GRDB */ = {
			isa = XCSwiftPackageProductDependency;
			package = CB76F3305EA7B20EF7ACF093 /* XCRemoteSwiftPackageReference "GRDB.swift" */;
			productName = GRDB;
		};
		D01AE64D660FD429BC921CB4 /* GRDB */ = {
			isa = XCSwiftPackageProductDependency;
			package = CB76F3305EA7B20EF7ACF093 /* XCRemoteSwiftPackageReference "GRDB.swift" */;
			productName = GRDB;
		};
/* End XCSwiftPackageProductDependency section */
	};
	rootObject = 88A960354FABA4B7EA2F7DAD /* Project object */;
}
